PODS:
  - MTDMulticastDelegate (1.0.1)
  - SCNRecorder (2.9.0):
    - MTDMulticastDelegate
  - SnapKit (5.7.1)

DEPENDENCIES:
  - SCNRecorder (from `../`)
  - SnapKit (~> 5.7.1)

SPEC REPOS:
  trunk:
    - MTDMulticastDelegate
    - SnapKit

EXTERNAL SOURCES:
  SCNRecorder:
    :path: "../"

SPEC CHECKSUMS:
  MTDMulticastDelegate: dcedff914c281710e3faa64b79ff775741f25b4b
  SCNRecorder: cad6d2f1d7420db813e0d426515dbed9cbd87571
  SnapKit: d612e99e678a2d3b95bf60b0705ed0a35c03484a

PODFILE CHECKSUM: 6cdab886091e4aeb20218508030c8f0592e2ce55

COCOAPODS: 1.15.2
