PODS:
  - SCNRecorder (2.2.0)
  - SnapKit (5.0.1)

DEPENDENCIES:
  - SCNRecorder (from `../`)
  - SnapKit (~> 5.0.0)

SPEC REPOS:
  trunk:
    - SnapKit

EXTERNAL SOURCES:
  SCNRecorder:
    :path: "../"

SPEC CHECKSUMS:
  SCNRecorder: 0008984d212381b41f359ae97327a6b9b494a720
  SnapKit: 97b92857e3df3a0c71833cce143274bf6ef8e5eb

PODFILE CHECKSUM: 796a489113adff96d8ae345cac2cf7ee7d1551b2

COCOAPODS: 1.10.0
