PODS:
  - MTDMulticastDelegate (1.0.0)
  - SCNRecorder (2.7.0):
    - MTDMulticastDelegate
  - SnapKit (5.0.1)

DEPENDENCIES:
  - SCNRecorder (from `../`)
  - SnapKit (~> 5.0.0)

SPEC REPOS:
  trunk:
    - MTDMulticastDelegate
    - SnapKit

EXTERNAL SOURCES:
  SCNRecorder:
    :path: "../"

SPEC CHECKSUMS:
  MTDMulticastDelegate: 4cd6b89c670e210071ac1914cdfd489eee4f64a5
  SCNRecorder: f1891098c0ea72fe166a1c10fc2e5a4e3dd8c9a5
  SnapKit: 97b92857e3df3a0c71833cce143274bf6ef8e5eb

PODFILE CHECKSUM: a402c811b8b6a231a13402257d93acd3b67abb0d

COCOAPODS: 1.11.2
