{
  "object": {
    "pins": [
      {
        "package": "MulticastDelegate",
        "repositoryURL": "https://github.com/v-grigoriev/MulticastDelegate.git",
        "state": {
          "branch": null,
          "revision": "d650db9f294d2ebeab9e48e1825b6a16af860a62",
          "version": "1.0.1"
        }
      }
    ]
  },
  "version": 1
}
