// !$*UTF8*$!
{
	archiveVersion = 1;
	classes = {
	};
	objectVersion = 50;
	objects = {

/* Begin PBXBuildFile section */
		BE4C33D52236A6BA007AE1EE /* SCNRecorder.h in Headers */ = {isa = PBXBuildFile; fileRef = BE4C33D32236A6BA007AE1EE /* SCNRecorder.h */; settings = {ATTRIBUTES = (Public, ); }; };
		BE4C34242236BAB2007AE1EE /* README.md in Resources */ = {isa = PBXBuildFile; fileRef = BE4C34232236BAB2007AE1EE /* README.md */; };
		BE7565A12471246500B7EED2 /* .swiftlint.yml in Resources */ = {isa = PBXBuildFile; fileRef = BE7565A02471246500B7EED2 /* .swiftlint.yml */; };
		D55385CD254CB15900225EC0 /* PixelBufferOutput.swift in Sources */ = {isa = PBXBuildFile; fileRef = D55385CC254CB15900225EC0 /* PixelBufferOutput.swift */; };
		D5B923DF2510CC9B00D35585 /* MTLPixelFormat+Helpers.swift in Sources */ = {isa = PBXBuildFile; fileRef = D5B9237B2510CC9A00D35585 /* MTLPixelFormat+Helpers.swift */; };
		D5B923E02510CC9C00D35585 /* CIContext+Render.swift in Sources */ = {isa = PBXBuildFile; fileRef = D5B9237C2510CC9A00D35585 /* CIContext+Render.swift */; };
		D5B923E12510CC9C00D35585 /* SCNView+MulticastDelegate.swift in Sources */ = {isa = PBXBuildFile; fileRef = D5B9237D2510CC9A00D35585 /* SCNView+MulticastDelegate.swift */; };
		D5B923E22510CC9C00D35585 /* CIFilter+Helpers.swift in Sources */ = {isa = PBXBuildFile; fileRef = D5B9237E2510CC9A00D35585 /* CIFilter+Helpers.swift */; };
		D5B923E32510CC9C00D35585 /* CVPixelBuffer+Helpers.swift in Sources */ = {isa = PBXBuildFile; fileRef = D5B9237F2510CC9A00D35585 /* CVPixelBuffer+Helpers.swift */; };
		D5B923E42510CC9C00D35585 /* AVCaptureSession+BaseRecorder.swift in Sources */ = {isa = PBXBuildFile; fileRef = D5B923802510CC9A00D35585 /* AVCaptureSession+BaseRecorder.swift */; };
		D5B923E52510CC9C00D35585 /* CVPixelBufferPool+Factory.swift in Sources */ = {isa = PBXBuildFile; fileRef = D5B923812510CC9A00D35585 /* CVPixelBufferPool+Factory.swift */; };
		D5B923E62510CC9C00D35585 /* AVFileType+FilenameExtension.swift in Sources */ = {isa = PBXBuildFile; fileRef = D5B923822510CC9A00D35585 /* AVFileType+FilenameExtension.swift */; };
		D5B923E72510CC9C00D35585 /* ImageOutput.swift in Sources */ = {isa = PBXBuildFile; fileRef = D5B923852510CC9A00D35585 /* ImageOutput.swift */; };
		D5B923E82510CC9C00D35585 /* VideoOutput.Error.swift in Sources */ = {isa = PBXBuildFile; fileRef = D5B923882510CC9A00D35585 /* VideoOutput.Error.swift */; };
		D5B923E92510CC9C00D35585 /* VideoOutput.State.swift in Sources */ = {isa = PBXBuildFile; fileRef = D5B923892510CC9A00D35585 /* VideoOutput.State.swift */; };
		D5B923EA2510CC9C00D35585 /* VideoOutput.swift in Sources */ = {isa = PBXBuildFile; fileRef = D5B9238A2510CC9A00D35585 /* VideoOutput.swift */; };
		D5B923EB2510CC9C00D35585 /* VideoSettings.FileType.swift in Sources */ = {isa = PBXBuildFile; fileRef = D5B9238B2510CC9A00D35585 /* VideoSettings.FileType.swift */; };
		D5B923EC2510CC9C00D35585 /* MediaSessionOutput.swift in Sources */ = {isa = PBXBuildFile; fileRef = D5B9238D2510CC9A00D35585 /* MediaSessionOutput.swift */; };
		D5B923ED2510CC9C00D35585 /* MediaSession.swift in Sources */ = {isa = PBXBuildFile; fileRef = D5B9238E2510CC9A00D35585 /* MediaSession.swift */; };
		D5B923EE2510CC9C00D35585 /* MediaSessionInput.swift in Sources */ = {isa = PBXBuildFile; fileRef = D5B9238F2510CC9A00D35585 /* MediaSessionInput.swift */; };
		D5B923EF2510CC9C00D35585 /* Buffer.swift in Sources */ = {isa = PBXBuildFile; fileRef = D5B923912510CC9A00D35585 /* Buffer.swift */; };
		D5B923F02510CC9C00D35585 /* Property.swift in Sources */ = {isa = PBXBuildFile; fileRef = D5B923922510CC9A00D35585 /* Property.swift */; };
		D5B923F12510CC9C00D35585 /* WeakCollection.swift in Sources */ = {isa = PBXBuildFile; fileRef = D5B923932510CC9A00D35585 /* WeakCollection.swift */; };
		D5B923F22510CC9C00D35585 /* UnfairAtomic.swift in Sources */ = {isa = PBXBuildFile; fileRef = D5B923962510CC9A00D35585 /* UnfairAtomic.swift */; };
		D5B923F32510CC9C00D35585 /* UnfairLock.swift in Sources */ = {isa = PBXBuildFile; fileRef = D5B923972510CC9A00D35585 /* UnfairLock.swift */; };
		D5B923F42510CC9C00D35585 /* ReadWriteAtomic.swift in Sources */ = {isa = PBXBuildFile; fileRef = D5B923992510CC9A00D35585 /* ReadWriteAtomic.swift */; };
		D5B923F52510CC9C00D35585 /* ReadWriteLock.swift in Sources */ = {isa = PBXBuildFile; fileRef = D5B9239A2510CC9A00D35585 /* ReadWriteLock.swift */; };
		D5B923F62510CC9C00D35585 /* GCDAtomic.swift in Sources */ = {isa = PBXBuildFile; fileRef = D5B9239C2510CC9A00D35585 /* GCDAtomic.swift */; };
		D5B923F72510CC9C00D35585 /* Atomic.swift in Sources */ = {isa = PBXBuildFile; fileRef = D5B9239D2510CC9A00D35585 /* Atomic.swift */; };
		D5B923F82510CC9C00D35585 /* AudioAdapter.swift in Sources */ = {isa = PBXBuildFile; fileRef = D5B9239E2510CC9A00D35585 /* AudioAdapter.swift */; };
		D5B923F92510CC9C00D35585 /* AssociatedStorage.swift in Sources */ = {isa = PBXBuildFile; fileRef = D5B9239F2510CC9A00D35585 /* AssociatedStorage.swift */; };
		D5B923FA2510CC9C00D35585 /* API.swift in Sources */ = {isa = PBXBuildFile; fileRef = D5B923A02510CC9A00D35585 /* API.swift */; };
		D5B923FB2510CC9C00D35585 /* Observable.swift in Sources */ = {isa = PBXBuildFile; fileRef = D5B923A12510CC9A00D35585 /* Observable.swift */; };
		D5B923FC2510CC9C00D35585 /* SCNRecorderMulticastDelegate.h in Headers */ = {isa = PBXBuildFile; fileRef = D5B923A32510CC9A00D35585 /* SCNRecorderMulticastDelegate.h */; settings = {ATTRIBUTES = (Private, ); }; };
		D5B923FD2510CC9C00D35585 /* SCNRecorderOriginMulticastDelegate.h in Headers */ = {isa = PBXBuildFile; fileRef = D5B923A42510CC9A00D35585 /* SCNRecorderOriginMulticastDelegate.h */; settings = {ATTRIBUTES = (Private, ); }; };
		D5B923FE2510CC9C00D35585 /* SCNRecorderMulticastDelegate.m in Sources */ = {isa = PBXBuildFile; fileRef = D5B923A52510CC9A00D35585 /* SCNRecorderMulticastDelegate.m */; };
		D5B923FF2510CC9C00D35585 /* SCNRecorderOriginMulticastDelegate.m in Sources */ = {isa = PBXBuildFile; fileRef = D5B923A62510CC9A00D35585 /* SCNRecorderOriginMulticastDelegate.m */; };
		D5B924002510CC9C00D35585 /* Weak.swift in Sources */ = {isa = PBXBuildFile; fileRef = D5B923A72510CC9A00D35585 /* Weak.swift */; };
		D5B924012510CC9C00D35585 /* RecordableLayer.swift in Sources */ = {isa = PBXBuildFile; fileRef = D5B923A92510CC9A00D35585 /* RecordableLayer.swift */; };
		D5B924022510CC9C00D35585 /* CAMetalLayer+RecordableLayer.swift in Sources */ = {isa = PBXBuildFile; fileRef = D5B923AA2510CC9A00D35585 /* CAMetalLayer+RecordableLayer.swift */; };
		D5B924032510CC9C00D35585 /* AudioSettings.swift in Sources */ = {isa = PBXBuildFile; fileRef = D5B923AB2510CC9B00D35585 /* AudioSettings.swift */; };
		D5B924042510CC9C00D35585 /* VideoRecording.State.swift in Sources */ = {isa = PBXBuildFile; fileRef = D5B923AC2510CC9B00D35585 /* VideoRecording.State.swift */; };
		D5B924052510CC9C00D35585 /* BaseRecorder.AudioInput.swift in Sources */ = {isa = PBXBuildFile; fileRef = D5B923AF2510CC9B00D35585 /* BaseRecorder.AudioInput.swift */; };
		D5B924062510CC9C00D35585 /* BaseRecorder.swift in Sources */ = {isa = PBXBuildFile; fileRef = D5B923B02510CC9B00D35585 /* BaseRecorder.swift */; };
		D5B924072510CC9C00D35585 /* SceneRecorder.swift in Sources */ = {isa = PBXBuildFile; fileRef = D5B923B22510CC9B00D35585 /* SceneRecorder.swift */; };
		D5B924082510CC9C00D35585 /* SceneRecorder.VideoInput.swift in Sources */ = {isa = PBXBuildFile; fileRef = D5B923B32510CC9B00D35585 /* SceneRecorder.VideoInput.swift */; };
		D5B924092510CC9C00D35585 /* CleanRecorder.swift in Sources */ = {isa = PBXBuildFile; fileRef = D5B923B52510CC9B00D35585 /* CleanRecorder.swift */; };
		D5B9240A2510CC9C00D35585 /* CleanRecorder.VideoInput.swift in Sources */ = {isa = PBXBuildFile; fileRef = D5B923B62510CC9B00D35585 /* CleanRecorder.VideoInput.swift */; };
		D5B9240B2510CC9C00D35585 /* GeometryFilter.swift in Sources */ = {isa = PBXBuildFile; fileRef = D5B923B82510CC9B00D35585 /* GeometryFilter.swift */; };
		D5B9240C2510CC9C00D35585 /* WatermarkFilter.swift in Sources */ = {isa = PBXBuildFile; fileRef = D5B923B92510CC9B00D35585 /* WatermarkFilter.swift */; };
		D5B9240D2510CC9C00D35585 /* CompositeFilter.swift in Sources */ = {isa = PBXBuildFile; fileRef = D5B923BA2510CC9B00D35585 /* CompositeFilter.swift */; };
		D5B9240E2510CC9C00D35585 /* Filter.swift in Sources */ = {isa = PBXBuildFile; fileRef = D5B923BB2510CC9B00D35585 /* Filter.swift */; };
		D5B9240F2510CC9C00D35585 /* SwappingFilter.swift in Sources */ = {isa = PBXBuildFile; fileRef = D5B923BC2510CC9B00D35585 /* SwappingFilter.swift */; };
		D5B924102510CC9C00D35585 /* VideoRecording.Info.swift in Sources */ = {isa = PBXBuildFile; fileRef = D5B923BD2510CC9B00D35585 /* VideoRecording.Info.swift */; };
		D5B924112510CC9C00D35585 /* VideoSettings.Codec.swift in Sources */ = {isa = PBXBuildFile; fileRef = D5B923BE2510CC9B00D35585 /* VideoSettings.Codec.swift */; };
		D5B924122510CC9C00D35585 /* Renderable.swift in Sources */ = {isa = PBXBuildFile; fileRef = D5B923C02510CC9B00D35585 /* Renderable.swift */; };
		D5B924132510CC9C00D35585 /* TimeScalable.swift in Sources */ = {isa = PBXBuildFile; fileRef = D5B923C12510CC9B00D35585 /* TimeScalable.swift */; };
		D5B924142510CC9C00D35585 /* VideoSettings.ScalingMode.swift in Sources */ = {isa = PBXBuildFile; fileRef = D5B923C22510CC9B00D35585 /* VideoSettings.ScalingMode.swift */; };
		D5B924152510CC9C00D35585 /* VideoRecording.swift in Sources */ = {isa = PBXBuildFile; fileRef = D5B923C32510CC9B00D35585 /* VideoRecording.swift */; };
		D5B924162510CC9C00D35585 /* EAGLRecordable.swift in Sources */ = {isa = PBXBuildFile; fileRef = D5B923C52510CC9B00D35585 /* EAGLRecordable.swift */; };
		D5B924172510CC9C00D35585 /* CleanRecordable.swift in Sources */ = {isa = PBXBuildFile; fileRef = D5B923C62510CC9B00D35585 /* CleanRecordable.swift */; };
		D5B924182510CC9C00D35585 /* SCNView+APIRecordable.swift in Sources */ = {isa = PBXBuildFile; fileRef = D5B923C92510CC9B00D35585 /* SCNView+APIRecordable.swift */; };
		D5B924192510CC9C00D35585 /* ARSCNView+CleanRecordable.swift in Sources */ = {isa = PBXBuildFile; fileRef = D5B923CA2510CC9B00D35585 /* ARSCNView+CleanRecordable.swift */; };
		D5B9241A2510CC9C00D35585 /* APIRecordable.swift in Sources */ = {isa = PBXBuildFile; fileRef = D5B923CE2510CC9B00D35585 /* APIRecordable.swift */; };
		D5B9241B2510CC9C00D35585 /* MetalRecordable.swift in Sources */ = {isa = PBXBuildFile; fileRef = D5B923CF2510CC9B00D35585 /* MetalRecordable.swift */; };
		D5B9241C2510CC9C00D35585 /* VideoSettings.swift in Sources */ = {isa = PBXBuildFile; fileRef = D5B923D02510CC9B00D35585 /* VideoSettings.swift */; };
		D5B9241D2510CC9C00D35585 /* PixelBufferProducer.swift in Sources */ = {isa = PBXBuildFile; fileRef = D5B923D32510CC9B00D35585 /* PixelBufferProducer.swift */; };
		D5B9241E2510CC9C00D35585 /* EAGLPixelBufferProducer.swift in Sources */ = {isa = PBXBuildFile; fileRef = D5B923D42510CC9B00D35585 /* EAGLPixelBufferProducer.swift */; };
		D5B9241F2510CC9C00D35585 /* MetalPixelBufferProducer.swift in Sources */ = {isa = PBXBuildFile; fileRef = D5B923D52510CC9B00D35585 /* MetalPixelBufferProducer.swift */; };
		D5B924202510CC9C00D35585 /* PixelBufferPoolFactory.swift in Sources */ = {isa = PBXBuildFile; fileRef = D5B923D72510CC9B00D35585 /* PixelBufferPoolFactory.swift */; };
		D5B924222510CC9C00D35585 /* SelfSceneRecordable.swift in Sources */ = {isa = PBXBuildFile; fileRef = D5B923DA2510CC9B00D35585 /* SelfSceneRecordable.swift */; };
		D5B924232510CC9C00D35585 /* SelfRecordable.swift in Sources */ = {isa = PBXBuildFile; fileRef = D5B923DB2510CC9B00D35585 /* SelfRecordable.swift */; };
		D5B924252510CC9C00D35585 /* SCNView+SelfSceneRecordable.swift in Sources */ = {isa = PBXBuildFile; fileRef = D5B923DE2510CC9B00D35585 /* SCNView+SelfSceneRecordable.swift */; };
		FB81FF2E251B7885001C129F /* LICENSE.md in Resources */ = {isa = PBXBuildFile; fileRef = FB81FF2D251B7885001C129F /* LICENSE.md */; };
/* End PBXBuildFile section */

/* Begin PBXFileReference section */
		BE4C33D02236A6BA007AE1EE /* SCNRecorder.framework */ = {isa = PBXFileReference; explicitFileType = wrapper.framework; includeInIndex = 0; path = SCNRecorder.framework; sourceTree = BUILT_PRODUCTS_DIR; };
		BE4C33D32236A6BA007AE1EE /* SCNRecorder.h */ = {isa = PBXFileReference; lastKnownFileType = sourcecode.c.h; path = SCNRecorder.h; sourceTree = "<group>"; };
		BE4C33D42236A6BA007AE1EE /* Info.plist */ = {isa = PBXFileReference; lastKnownFileType = text.plist.xml; path = Info.plist; sourceTree = "<group>"; };
		BE4C34232236BAB2007AE1EE /* README.md */ = {isa = PBXFileReference; lastKnownFileType = net.daringfireball.markdown; path = README.md; sourceTree = "<group>"; };
		BE7565A02471246500B7EED2 /* .swiftlint.yml */ = {isa = PBXFileReference; fileEncoding = 4; lastKnownFileType = text.yaml; path = .swiftlint.yml; sourceTree = "<group>"; };
		D55385CC254CB15900225EC0 /* PixelBufferOutput.swift */ = {isa = PBXFileReference; fileEncoding = 4; lastKnownFileType = sourcecode.swift; path = PixelBufferOutput.swift; sourceTree = "<group>"; };
		D5B9237B2510CC9A00D35585 /* MTLPixelFormat+Helpers.swift */ = {isa = PBXFileReference; fileEncoding = 4; lastKnownFileType = sourcecode.swift; path = "MTLPixelFormat+Helpers.swift"; sourceTree = "<group>"; };
		D5B9237C2510CC9A00D35585 /* CIContext+Render.swift */ = {isa = PBXFileReference; fileEncoding = 4; lastKnownFileType = sourcecode.swift; path = "CIContext+Render.swift"; sourceTree = "<group>"; };
		D5B9237D2510CC9A00D35585 /* SCNView+MulticastDelegate.swift */ = {isa = PBXFileReference; fileEncoding = 4; lastKnownFileType = sourcecode.swift; path = "SCNView+MulticastDelegate.swift"; sourceTree = "<group>"; };
		D5B9237E2510CC9A00D35585 /* CIFilter+Helpers.swift */ = {isa = PBXFileReference; fileEncoding = 4; lastKnownFileType = sourcecode.swift; path = "CIFilter+Helpers.swift"; sourceTree = "<group>"; };
		D5B9237F2510CC9A00D35585 /* CVPixelBuffer+Helpers.swift */ = {isa = PBXFileReference; fileEncoding = 4; lastKnownFileType = sourcecode.swift; path = "CVPixelBuffer+Helpers.swift"; sourceTree = "<group>"; };
		D5B923802510CC9A00D35585 /* AVCaptureSession+BaseRecorder.swift */ = {isa = PBXFileReference; fileEncoding = 4; lastKnownFileType = sourcecode.swift; path = "AVCaptureSession+BaseRecorder.swift"; sourceTree = "<group>"; };
		D5B923812510CC9A00D35585 /* CVPixelBufferPool+Factory.swift */ = {isa = PBXFileReference; fileEncoding = 4; lastKnownFileType = sourcecode.swift; path = "CVPixelBufferPool+Factory.swift"; sourceTree = "<group>"; };
		D5B923822510CC9A00D35585 /* AVFileType+FilenameExtension.swift */ = {isa = PBXFileReference; fileEncoding = 4; lastKnownFileType = sourcecode.swift; path = "AVFileType+FilenameExtension.swift"; sourceTree = "<group>"; };
		D5B923852510CC9A00D35585 /* ImageOutput.swift */ = {isa = PBXFileReference; fileEncoding = 4; lastKnownFileType = sourcecode.swift; path = ImageOutput.swift; sourceTree = "<group>"; };
		D5B923882510CC9A00D35585 /* VideoOutput.Error.swift */ = {isa = PBXFileReference; fileEncoding = 4; lastKnownFileType = sourcecode.swift; path = VideoOutput.Error.swift; sourceTree = "<group>"; };
		D5B923892510CC9A00D35585 /* VideoOutput.State.swift */ = {isa = PBXFileReference; fileEncoding = 4; lastKnownFileType = sourcecode.swift; path = VideoOutput.State.swift; sourceTree = "<group>"; };
		D5B9238A2510CC9A00D35585 /* VideoOutput.swift */ = {isa = PBXFileReference; fileEncoding = 4; lastKnownFileType = sourcecode.swift; path = VideoOutput.swift; sourceTree = "<group>"; };
		D5B9238B2510CC9A00D35585 /* VideoSettings.FileType.swift */ = {isa = PBXFileReference; fileEncoding = 4; lastKnownFileType = sourcecode.swift; path = VideoSettings.FileType.swift; sourceTree = "<group>"; };
		D5B9238D2510CC9A00D35585 /* MediaSessionOutput.swift */ = {isa = PBXFileReference; fileEncoding = 4; lastKnownFileType = sourcecode.swift; path = MediaSessionOutput.swift; sourceTree = "<group>"; };
		D5B9238E2510CC9A00D35585 /* MediaSession.swift */ = {isa = PBXFileReference; fileEncoding = 4; lastKnownFileType = sourcecode.swift; path = MediaSession.swift; sourceTree = "<group>"; };
		D5B9238F2510CC9A00D35585 /* MediaSessionInput.swift */ = {isa = PBXFileReference; fileEncoding = 4; lastKnownFileType = sourcecode.swift; path = MediaSessionInput.swift; sourceTree = "<group>"; };
		D5B923912510CC9A00D35585 /* Buffer.swift */ = {isa = PBXFileReference; fileEncoding = 4; lastKnownFileType = sourcecode.swift; path = Buffer.swift; sourceTree = "<group>"; };
		D5B923922510CC9A00D35585 /* Property.swift */ = {isa = PBXFileReference; fileEncoding = 4; lastKnownFileType = sourcecode.swift; path = Property.swift; sourceTree = "<group>"; };
		D5B923932510CC9A00D35585 /* WeakCollection.swift */ = {isa = PBXFileReference; fileEncoding = 4; lastKnownFileType = sourcecode.swift; path = WeakCollection.swift; sourceTree = "<group>"; };
		D5B923962510CC9A00D35585 /* UnfairAtomic.swift */ = {isa = PBXFileReference; fileEncoding = 4; lastKnownFileType = sourcecode.swift; path = UnfairAtomic.swift; sourceTree = "<group>"; };
		D5B923972510CC9A00D35585 /* UnfairLock.swift */ = {isa = PBXFileReference; fileEncoding = 4; lastKnownFileType = sourcecode.swift; path = UnfairLock.swift; sourceTree = "<group>"; };
		D5B923992510CC9A00D35585 /* ReadWriteAtomic.swift */ = {isa = PBXFileReference; fileEncoding = 4; lastKnownFileType = sourcecode.swift; path = ReadWriteAtomic.swift; sourceTree = "<group>"; };
		D5B9239A2510CC9A00D35585 /* ReadWriteLock.swift */ = {isa = PBXFileReference; fileEncoding = 4; lastKnownFileType = sourcecode.swift; path = ReadWriteLock.swift; sourceTree = "<group>"; };
		D5B9239C2510CC9A00D35585 /* GCDAtomic.swift */ = {isa = PBXFileReference; fileEncoding = 4; lastKnownFileType = sourcecode.swift; path = GCDAtomic.swift; sourceTree = "<group>"; };
		D5B9239D2510CC9A00D35585 /* Atomic.swift */ = {isa = PBXFileReference; fileEncoding = 4; lastKnownFileType = sourcecode.swift; path = Atomic.swift; sourceTree = "<group>"; };
		D5B9239E2510CC9A00D35585 /* AudioAdapter.swift */ = {isa = PBXFileReference; fileEncoding = 4; lastKnownFileType = sourcecode.swift; path = AudioAdapter.swift; sourceTree = "<group>"; };
		D5B9239F2510CC9A00D35585 /* AssociatedStorage.swift */ = {isa = PBXFileReference; fileEncoding = 4; lastKnownFileType = sourcecode.swift; path = AssociatedStorage.swift; sourceTree = "<group>"; };
		D5B923A02510CC9A00D35585 /* API.swift */ = {isa = PBXFileReference; fileEncoding = 4; lastKnownFileType = sourcecode.swift; path = API.swift; sourceTree = "<group>"; };
		D5B923A12510CC9A00D35585 /* Observable.swift */ = {isa = PBXFileReference; fileEncoding = 4; lastKnownFileType = sourcecode.swift; path = Observable.swift; sourceTree = "<group>"; };
		D5B923A32510CC9A00D35585 /* SCNRecorderMulticastDelegate.h */ = {isa = PBXFileReference; fileEncoding = 4; lastKnownFileType = sourcecode.c.h; path = SCNRecorderMulticastDelegate.h; sourceTree = "<group>"; };
		D5B923A42510CC9A00D35585 /* SCNRecorderOriginMulticastDelegate.h */ = {isa = PBXFileReference; fileEncoding = 4; lastKnownFileType = sourcecode.c.h; path = SCNRecorderOriginMulticastDelegate.h; sourceTree = "<group>"; };
		D5B923A52510CC9A00D35585 /* SCNRecorderMulticastDelegate.m */ = {isa = PBXFileReference; fileEncoding = 4; lastKnownFileType = sourcecode.c.objc; path = SCNRecorderMulticastDelegate.m; sourceTree = "<group>"; };
		D5B923A62510CC9A00D35585 /* SCNRecorderOriginMulticastDelegate.m */ = {isa = PBXFileReference; fileEncoding = 4; lastKnownFileType = sourcecode.c.objc; path = SCNRecorderOriginMulticastDelegate.m; sourceTree = "<group>"; };
		D5B923A72510CC9A00D35585 /* Weak.swift */ = {isa = PBXFileReference; fileEncoding = 4; lastKnownFileType = sourcecode.swift; path = Weak.swift; sourceTree = "<group>"; };
		D5B923A92510CC9A00D35585 /* RecordableLayer.swift */ = {isa = PBXFileReference; fileEncoding = 4; lastKnownFileType = sourcecode.swift; path = RecordableLayer.swift; sourceTree = "<group>"; };
		D5B923AA2510CC9A00D35585 /* CAMetalLayer+RecordableLayer.swift */ = {isa = PBXFileReference; fileEncoding = 4; lastKnownFileType = sourcecode.swift; path = "CAMetalLayer+RecordableLayer.swift"; sourceTree = "<group>"; };
		D5B923AB2510CC9B00D35585 /* AudioSettings.swift */ = {isa = PBXFileReference; fileEncoding = 4; lastKnownFileType = sourcecode.swift; path = AudioSettings.swift; sourceTree = "<group>"; };
		D5B923AC2510CC9B00D35585 /* VideoRecording.State.swift */ = {isa = PBXFileReference; fileEncoding = 4; lastKnownFileType = sourcecode.swift; path = VideoRecording.State.swift; sourceTree = "<group>"; };
		D5B923AF2510CC9B00D35585 /* BaseRecorder.AudioInput.swift */ = {isa = PBXFileReference; fileEncoding = 4; lastKnownFileType = sourcecode.swift; path = BaseRecorder.AudioInput.swift; sourceTree = "<group>"; };
		D5B923B02510CC9B00D35585 /* BaseRecorder.swift */ = {isa = PBXFileReference; fileEncoding = 4; lastKnownFileType = sourcecode.swift; path = BaseRecorder.swift; sourceTree = "<group>"; };
		D5B923B22510CC9B00D35585 /* SceneRecorder.swift */ = {isa = PBXFileReference; fileEncoding = 4; lastKnownFileType = sourcecode.swift; path = SceneRecorder.swift; sourceTree = "<group>"; };
		D5B923B32510CC9B00D35585 /* SceneRecorder.VideoInput.swift */ = {isa = PBXFileReference; fileEncoding = 4; lastKnownFileType = sourcecode.swift; path = SceneRecorder.VideoInput.swift; sourceTree = "<group>"; };
		D5B923B52510CC9B00D35585 /* CleanRecorder.swift */ = {isa = PBXFileReference; fileEncoding = 4; lastKnownFileType = sourcecode.swift; path = CleanRecorder.swift; sourceTree = "<group>"; };
		D5B923B62510CC9B00D35585 /* CleanRecorder.VideoInput.swift */ = {isa = PBXFileReference; fileEncoding = 4; lastKnownFileType = sourcecode.swift; path = CleanRecorder.VideoInput.swift; sourceTree = "<group>"; };
		D5B923B82510CC9B00D35585 /* GeometryFilter.swift */ = {isa = PBXFileReference; fileEncoding = 4; lastKnownFileType = sourcecode.swift; path = GeometryFilter.swift; sourceTree = "<group>"; };
		D5B923B92510CC9B00D35585 /* WatermarkFilter.swift */ = {isa = PBXFileReference; fileEncoding = 4; lastKnownFileType = sourcecode.swift; path = WatermarkFilter.swift; sourceTree = "<group>"; };
		D5B923BA2510CC9B00D35585 /* CompositeFilter.swift */ = {isa = PBXFileReference; fileEncoding = 4; lastKnownFileType = sourcecode.swift; path = CompositeFilter.swift; sourceTree = "<group>"; };
		D5B923BB2510CC9B00D35585 /* Filter.swift */ = {isa = PBXFileReference; fileEncoding = 4; lastKnownFileType = sourcecode.swift; path = Filter.swift; sourceTree = "<group>"; };
		D5B923BC2510CC9B00D35585 /* SwappingFilter.swift */ = {isa = PBXFileReference; fileEncoding = 4; lastKnownFileType = sourcecode.swift; path = SwappingFilter.swift; sourceTree = "<group>"; };
		D5B923BD2510CC9B00D35585 /* VideoRecording.Info.swift */ = {isa = PBXFileReference; fileEncoding = 4; lastKnownFileType = sourcecode.swift; path = VideoRecording.Info.swift; sourceTree = "<group>"; };
		D5B923BE2510CC9B00D35585 /* VideoSettings.Codec.swift */ = {isa = PBXFileReference; fileEncoding = 4; lastKnownFileType = sourcecode.swift; path = VideoSettings.Codec.swift; sourceTree = "<group>"; };
		D5B923C02510CC9B00D35585 /* Renderable.swift */ = {isa = PBXFileReference; fileEncoding = 4; lastKnownFileType = sourcecode.swift; path = Renderable.swift; sourceTree = "<group>"; };
		D5B923C12510CC9B00D35585 /* TimeScalable.swift */ = {isa = PBXFileReference; fileEncoding = 4; lastKnownFileType = sourcecode.swift; path = TimeScalable.swift; sourceTree = "<group>"; };
		D5B923C22510CC9B00D35585 /* VideoSettings.ScalingMode.swift */ = {isa = PBXFileReference; fileEncoding = 4; lastKnownFileType = sourcecode.swift; path = VideoSettings.ScalingMode.swift; sourceTree = "<group>"; };
		D5B923C32510CC9B00D35585 /* VideoRecording.swift */ = {isa = PBXFileReference; fileEncoding = 4; lastKnownFileType = sourcecode.swift; path = VideoRecording.swift; sourceTree = "<group>"; };
		D5B923C52510CC9B00D35585 /* EAGLRecordable.swift */ = {isa = PBXFileReference; fileEncoding = 4; lastKnownFileType = sourcecode.swift; path = EAGLRecordable.swift; sourceTree = "<group>"; };
		D5B923C62510CC9B00D35585 /* CleanRecordable.swift */ = {isa = PBXFileReference; fileEncoding = 4; lastKnownFileType = sourcecode.swift; path = CleanRecordable.swift; sourceTree = "<group>"; };
		D5B923C92510CC9B00D35585 /* SCNView+APIRecordable.swift */ = {isa = PBXFileReference; fileEncoding = 4; lastKnownFileType = sourcecode.swift; path = "SCNView+APIRecordable.swift"; sourceTree = "<group>"; };
		D5B923CA2510CC9B00D35585 /* ARSCNView+CleanRecordable.swift */ = {isa = PBXFileReference; fileEncoding = 4; lastKnownFileType = sourcecode.swift; path = "ARSCNView+CleanRecordable.swift"; sourceTree = "<group>"; };
		D5B923CE2510CC9B00D35585 /* APIRecordable.swift */ = {isa = PBXFileReference; fileEncoding = 4; lastKnownFileType = sourcecode.swift; path = APIRecordable.swift; sourceTree = "<group>"; };
		D5B923CF2510CC9B00D35585 /* MetalRecordable.swift */ = {isa = PBXFileReference; fileEncoding = 4; lastKnownFileType = sourcecode.swift; path = MetalRecordable.swift; sourceTree = "<group>"; };
		D5B923D02510CC9B00D35585 /* VideoSettings.swift */ = {isa = PBXFileReference; fileEncoding = 4; lastKnownFileType = sourcecode.swift; path = VideoSettings.swift; sourceTree = "<group>"; };
		D5B923D32510CC9B00D35585 /* PixelBufferProducer.swift */ = {isa = PBXFileReference; fileEncoding = 4; lastKnownFileType = sourcecode.swift; path = PixelBufferProducer.swift; sourceTree = "<group>"; };
		D5B923D42510CC9B00D35585 /* EAGLPixelBufferProducer.swift */ = {isa = PBXFileReference; fileEncoding = 4; lastKnownFileType = sourcecode.swift; path = EAGLPixelBufferProducer.swift; sourceTree = "<group>"; };
		D5B923D52510CC9B00D35585 /* MetalPixelBufferProducer.swift */ = {isa = PBXFileReference; fileEncoding = 4; lastKnownFileType = sourcecode.swift; path = MetalPixelBufferProducer.swift; sourceTree = "<group>"; };
		D5B923D72510CC9B00D35585 /* PixelBufferPoolFactory.swift */ = {isa = PBXFileReference; fileEncoding = 4; lastKnownFileType = sourcecode.swift; path = PixelBufferPoolFactory.swift; sourceTree = "<group>"; };
		D5B923DA2510CC9B00D35585 /* SelfSceneRecordable.swift */ = {isa = PBXFileReference; fileEncoding = 4; lastKnownFileType = sourcecode.swift; path = SelfSceneRecordable.swift; sourceTree = "<group>"; };
		D5B923DB2510CC9B00D35585 /* SelfRecordable.swift */ = {isa = PBXFileReference; fileEncoding = 4; lastKnownFileType = sourcecode.swift; path = SelfRecordable.swift; sourceTree = "<group>"; };
		D5B923DE2510CC9B00D35585 /* SCNView+SelfSceneRecordable.swift */ = {isa = PBXFileReference; fileEncoding = 4; lastKnownFileType = sourcecode.swift; path = "SCNView+SelfSceneRecordable.swift"; sourceTree = "<group>"; };
		D5B924262510CCE000D35585 /* SCNRecorder.modulemap */ = {isa = PBXFileReference; fileEncoding = 4; lastKnownFileType = "sourcecode.module-map"; path = SCNRecorder.modulemap; sourceTree = "<group>"; };
		FB81FF2D251B7885001C129F /* LICENSE.md */ = {isa = PBXFileReference; fileEncoding = 4; lastKnownFileType = net.daringfireball.markdown; path = LICENSE.md; sourceTree = "<group>"; };
/* End PBXFileReference section */

/* Begin PBXFrameworksBuildPhase section */
		BE4C33CD2236A6BA007AE1EE /* Frameworks */ = {
			isa = PBXFrameworksBuildPhase;
			buildActionMask = 2147483647;
			files = (
			);
			runOnlyForDeploymentPostprocessing = 0;
		};
/* End PBXFrameworksBuildPhase section */

/* Begin PBXGroup section */
		BE4C079C247B41810008AA5E /* Supporting Files */ = {
			isa = PBXGroup;
			children = (
				BE7565A02471246500B7EED2 /* .swiftlint.yml */,
				BE4C33D42236A6BA007AE1EE /* Info.plist */,
				FB81FF2D251B7885001C129F /* LICENSE.md */,
				BE4C34232236BAB2007AE1EE /* README.md */,
				BE4C33D32236A6BA007AE1EE /* SCNRecorder.h */,
				D5B924262510CCE000D35585 /* SCNRecorder.modulemap */,
			);
			name = "Supporting Files";
			sourceTree = "<group>";
		};
		BE4C33C62236A6BA007AE1EE = {
			isa = PBXGroup;
			children = (
				BE4C33D22236A6BA007AE1EE /* Sources */,
				BE4C079C247B41810008AA5E /* Supporting Files */,
				BE4C33D12236A6BA007AE1EE /* Products */,
			);
			indentWidth = 2;
			sourceTree = "<group>";
			tabWidth = 2;
		};
		BE4C33D12236A6BA007AE1EE /* Products */ = {
			isa = PBXGroup;
			children = (
				BE4C33D02236A6BA007AE1EE /* SCNRecorder.framework */,
			);
			name = Products;
			sourceTree = "<group>";
		};
		BE4C33D22236A6BA007AE1EE /* Sources */ = {
			isa = PBXGroup;
			children = (
				D5B923AB2510CC9B00D35585 /* AudioSettings.swift */,
				D5B923C32510CC9B00D35585 /* VideoRecording.swift */,
				D5B923BD2510CC9B00D35585 /* VideoRecording.Info.swift */,
				D5B923AC2510CC9B00D35585 /* VideoRecording.State.swift */,
				D5B923D02510CC9B00D35585 /* VideoSettings.swift */,
				D5B923BE2510CC9B00D35585 /* VideoSettings.Codec.swift */,
				D5B9238B2510CC9A00D35585 /* VideoSettings.FileType.swift */,
				D5B923C22510CC9B00D35585 /* VideoSettings.ScalingMode.swift */,
				D5B9237A2510CC9A00D35585 /* Extensions */,
				D5B923B72510CC9B00D35585 /* Filter */,
				D5B923902510CC9A00D35585 /* Helpers */,
				D5B9238C2510CC9A00D35585 /* MediaSession */,
				D5B923832510CC9A00D35585 /* Outputs */,
				D5B923D12510CC9B00D35585 /* PixelBuffer */,
				D5B923BF2510CC9B00D35585 /* Protocols */,
				D5B923C42510CC9B00D35585 /* Recordable */,
				D5B923A82510CC9A00D35585 /* RecordableLayer */,
				D5B923AD2510CC9B00D35585 /* Recorder */,
				D5B923D82510CC9B00D35585 /* SelfRecordable */,
			);
			path = Sources;
			sourceTree = "<group>";
		};
		D5B9237A2510CC9A00D35585 /* Extensions */ = {
			isa = PBXGroup;
			children = (
				D5B9237B2510CC9A00D35585 /* MTLPixelFormat+Helpers.swift */,
				D5B9237C2510CC9A00D35585 /* CIContext+Render.swift */,
				D5B9237D2510CC9A00D35585 /* SCNView+MulticastDelegate.swift */,
				D5B9237E2510CC9A00D35585 /* CIFilter+Helpers.swift */,
				D5B9237F2510CC9A00D35585 /* CVPixelBuffer+Helpers.swift */,
				D5B923802510CC9A00D35585 /* AVCaptureSession+BaseRecorder.swift */,
				D5B923812510CC9A00D35585 /* CVPixelBufferPool+Factory.swift */,
				D5B923822510CC9A00D35585 /* AVFileType+FilenameExtension.swift */,
			);
			path = Extensions;
			sourceTree = "<group>";
		};
		D5B923832510CC9A00D35585 /* Outputs */ = {
			isa = PBXGroup;
			children = (
				D55385CC254CB15900225EC0 /* PixelBufferOutput.swift */,
				D5B923842510CC9A00D35585 /* ImageOutput */,
				D5B923862510CC9A00D35585 /* VideoOutput */,
			);
			path = Outputs;
			sourceTree = "<group>";
		};
		D5B923842510CC9A00D35585 /* ImageOutput */ = {
			isa = PBXGroup;
			children = (
				D5B923852510CC9A00D35585 /* ImageOutput.swift */,
			);
			path = ImageOutput;
			sourceTree = "<group>";
		};
		D5B923862510CC9A00D35585 /* VideoOutput */ = {
			isa = PBXGroup;
			children = (
				D5B923872510CC9A00D35585 /* Additions */,
				D5B923882510CC9A00D35585 /* VideoOutput.Error.swift */,
				D5B923892510CC9A00D35585 /* VideoOutput.State.swift */,
				D5B9238A2510CC9A00D35585 /* VideoOutput.swift */,
			);
			path = VideoOutput;
			sourceTree = "<group>";
		};
		D5B923872510CC9A00D35585 /* Additions */ = {
			isa = PBXGroup;
			children = (
			);
			path = Additions;
			sourceTree = "<group>";
		};
		D5B9238C2510CC9A00D35585 /* MediaSession */ = {
			isa = PBXGroup;
			children = (
				D5B9238D2510CC9A00D35585 /* MediaSessionOutput.swift */,
				D5B9238E2510CC9A00D35585 /* MediaSession.swift */,
				D5B9238F2510CC9A00D35585 /* MediaSessionInput.swift */,
			);
			path = MediaSession;
			sourceTree = "<group>";
		};
		D5B923902510CC9A00D35585 /* Helpers */ = {
			isa = PBXGroup;
			children = (
				D5B923912510CC9A00D35585 /* Buffer.swift */,
				D5B923922510CC9A00D35585 /* Property.swift */,
				D5B923932510CC9A00D35585 /* WeakCollection.swift */,
				D5B923942510CC9A00D35585 /* Multithreading */,
				D5B9239E2510CC9A00D35585 /* AudioAdapter.swift */,
				D5B9239F2510CC9A00D35585 /* AssociatedStorage.swift */,
				D5B923A02510CC9A00D35585 /* API.swift */,
				D5B923A12510CC9A00D35585 /* Observable.swift */,
				D5B923A22510CC9A00D35585 /* MulticastDelegate */,
				D5B923A72510CC9A00D35585 /* Weak.swift */,
			);
			path = Helpers;
			sourceTree = "<group>";
		};
		D5B923942510CC9A00D35585 /* Multithreading */ = {
			isa = PBXGroup;
			children = (
				D5B923952510CC9A00D35585 /* Unfair */,
				D5B923982510CC9A00D35585 /* ReadWrite */,
				D5B9239B2510CC9A00D35585 /* GCD */,
				D5B9239D2510CC9A00D35585 /* Atomic.swift */,
			);
			path = Multithreading;
			sourceTree = "<group>";
		};
		D5B923952510CC9A00D35585 /* Unfair */ = {
			isa = PBXGroup;
			children = (
				D5B923962510CC9A00D35585 /* UnfairAtomic.swift */,
				D5B923972510CC9A00D35585 /* UnfairLock.swift */,
			);
			path = Unfair;
			sourceTree = "<group>";
		};
		D5B923982510CC9A00D35585 /* ReadWrite */ = {
			isa = PBXGroup;
			children = (
				D5B923992510CC9A00D35585 /* ReadWriteAtomic.swift */,
				D5B9239A2510CC9A00D35585 /* ReadWriteLock.swift */,
			);
			path = ReadWrite;
			sourceTree = "<group>";
		};
		D5B9239B2510CC9A00D35585 /* GCD */ = {
			isa = PBXGroup;
			children = (
				D5B9239C2510CC9A00D35585 /* GCDAtomic.swift */,
			);
			path = GCD;
			sourceTree = "<group>";
		};
		D5B923A22510CC9A00D35585 /* MulticastDelegate */ = {
			isa = PBXGroup;
			children = (
				D5B923A32510CC9A00D35585 /* SCNRecorderMulticastDelegate.h */,
				D5B923A42510CC9A00D35585 /* SCNRecorderOriginMulticastDelegate.h */,
				D5B923A52510CC9A00D35585 /* SCNRecorderMulticastDelegate.m */,
				D5B923A62510CC9A00D35585 /* SCNRecorderOriginMulticastDelegate.m */,
			);
			path = MulticastDelegate;
			sourceTree = "<group>";
		};
		D5B923A82510CC9A00D35585 /* RecordableLayer */ = {
			isa = PBXGroup;
			children = (
				D5B923A92510CC9A00D35585 /* RecordableLayer.swift */,
				D5B923AA2510CC9A00D35585 /* CAMetalLayer+RecordableLayer.swift */,
			);
			path = RecordableLayer;
			sourceTree = "<group>";
		};
		D5B923AD2510CC9B00D35585 /* Recorder */ = {
			isa = PBXGroup;
			children = (
				D5B923AE2510CC9B00D35585 /* BaseRecorder */,
				D5B923B12510CC9B00D35585 /* SceneRecorder */,
				D5B923B42510CC9B00D35585 /* CleanRecorder */,
			);
			path = Recorder;
			sourceTree = "<group>";
		};
		D5B923AE2510CC9B00D35585 /* BaseRecorder */ = {
			isa = PBXGroup;
			children = (
				D5B923AF2510CC9B00D35585 /* BaseRecorder.AudioInput.swift */,
				D5B923B02510CC9B00D35585 /* BaseRecorder.swift */,
			);
			path = BaseRecorder;
			sourceTree = "<group>";
		};
		D5B923B12510CC9B00D35585 /* SceneRecorder */ = {
			isa = PBXGroup;
			children = (
				D5B923B22510CC9B00D35585 /* SceneRecorder.swift */,
				D5B923B32510CC9B00D35585 /* SceneRecorder.VideoInput.swift */,
			);
			path = SceneRecorder;
			sourceTree = "<group>";
		};
		D5B923B42510CC9B00D35585 /* CleanRecorder */ = {
			isa = PBXGroup;
			children = (
				D5B923B52510CC9B00D35585 /* CleanRecorder.swift */,
				D5B923B62510CC9B00D35585 /* CleanRecorder.VideoInput.swift */,
			);
			path = CleanRecorder;
			sourceTree = "<group>";
		};
		D5B923B72510CC9B00D35585 /* Filter */ = {
			isa = PBXGroup;
			children = (
				D5B923B82510CC9B00D35585 /* GeometryFilter.swift */,
				D5B923B92510CC9B00D35585 /* WatermarkFilter.swift */,
				D5B923BA2510CC9B00D35585 /* CompositeFilter.swift */,
				D5B923BB2510CC9B00D35585 /* Filter.swift */,
				D5B923BC2510CC9B00D35585 /* SwappingFilter.swift */,
			);
			path = Filter;
			sourceTree = "<group>";
		};
		D5B923BF2510CC9B00D35585 /* Protocols */ = {
			isa = PBXGroup;
			children = (
				D5B923C02510CC9B00D35585 /* Renderable.swift */,
				D5B923C12510CC9B00D35585 /* TimeScalable.swift */,
			);
			path = Protocols;
			sourceTree = "<group>";
		};
		D5B923C42510CC9B00D35585 /* Recordable */ = {
			isa = PBXGroup;
			children = (
				D5B923C52510CC9B00D35585 /* EAGLRecordable.swift */,
				D5B923C62510CC9B00D35585 /* CleanRecordable.swift */,
				D5B923CE2510CC9B00D35585 /* APIRecordable.swift */,
				D5B923CF2510CC9B00D35585 /* MetalRecordable.swift */,
				D5B923C82510CC9B00D35585 /* Extensions */,
			);
			path = Recordable;
			sourceTree = "<group>";
		};
		D5B923C82510CC9B00D35585 /* Extensions */ = {
			isa = PBXGroup;
			children = (
				D5B923C92510CC9B00D35585 /* SCNView+APIRecordable.swift */,
				D5B923CA2510CC9B00D35585 /* ARSCNView+CleanRecordable.swift */,
			);
			path = Extensions;
			sourceTree = "<group>";
		};
		D5B923D12510CC9B00D35585 /* PixelBuffer */ = {
			isa = PBXGroup;
			children = (
				D5B923D22510CC9B00D35585 /* Producer */,
				D5B923D62510CC9B00D35585 /* PoolFactory */,
			);
			path = PixelBuffer;
			sourceTree = "<group>";
		};
		D5B923D22510CC9B00D35585 /* Producer */ = {
			isa = PBXGroup;
			children = (
				D5B923D32510CC9B00D35585 /* PixelBufferProducer.swift */,
				D5B923D42510CC9B00D35585 /* EAGLPixelBufferProducer.swift */,
				D5B923D52510CC9B00D35585 /* MetalPixelBufferProducer.swift */,
			);
			path = Producer;
			sourceTree = "<group>";
		};
		D5B923D62510CC9B00D35585 /* PoolFactory */ = {
			isa = PBXGroup;
			children = (
				D5B923D72510CC9B00D35585 /* PixelBufferPoolFactory.swift */,
			);
			path = PoolFactory;
			sourceTree = "<group>";
		};
		D5B923D82510CC9B00D35585 /* SelfRecordable */ = {
			isa = PBXGroup;
			children = (
				D5B923DA2510CC9B00D35585 /* SelfSceneRecordable.swift */,
				D5B923DB2510CC9B00D35585 /* SelfRecordable.swift */,
				D5B923DC2510CC9B00D35585 /* Extensions */,
			);
			path = SelfRecordable;
			sourceTree = "<group>";
		};
		D5B923DC2510CC9B00D35585 /* Extensions */ = {
			isa = PBXGroup;
			children = (
				D5B923DE2510CC9B00D35585 /* SCNView+SelfSceneRecordable.swift */,
			);
			path = Extensions;
			sourceTree = "<group>";
		};
/* End PBXGroup section */

/* Begin PBXHeadersBuildPhase section */
		BE4C33CB2236A6BA007AE1EE /* Headers */ = {
			isa = PBXHeadersBuildPhase;
			buildActionMask = 2147483647;
			files = (
				BE4C33D52236A6BA007AE1EE /* SCNRecorder.h in Headers */,
				D5B923FD2510CC9C00D35585 /* SCNRecorderOriginMulticastDelegate.h in Headers */,
				D5B923FC2510CC9C00D35585 /* SCNRecorderMulticastDelegate.h in Headers */,
			);
			runOnlyForDeploymentPostprocessing = 0;
		};
/* End PBXHeadersBuildPhase section */

/* Begin PBXNativeTarget section */
		BE4C33CF2236A6BA007AE1EE /* SCNRecorder */ = {
			isa = PBXNativeTarget;
			buildConfigurationList = BE4C33D82236A6BA007AE1EE /* Build configuration list for PBXNativeTarget "SCNRecorder" */;
			buildPhases = (
				BE4C33CB2236A6BA007AE1EE /* Headers */,
				BE4C33CC2236A6BA007AE1EE /* Sources */,
				BEB4BD40244CF01C00636CC9 /* Swiftlint */,
				BE4C33CD2236A6BA007AE1EE /* Frameworks */,
				BE4C33CE2236A6BA007AE1EE /* Resources */,
			);
			buildRules = (
			);
			dependencies = (
			);
			name = SCNRecorder;
			productName = SCNRecorder;
			productReference = BE4C33D02236A6BA007AE1EE /* SCNRecorder.framework */;
			productType = "com.apple.product-type.framework";
		};
/* End PBXNativeTarget section */

/* Begin PBXProject section */
		BE4C33C72236A6BA007AE1EE /* Project object */ = {
			isa = PBXProject;
			attributes = {
				LastUpgradeCheck = 1210;
				ORGANIZATIONNAME = "GORA Studio";
				TargetAttributes = {
					BE4C33CF2236A6BA007AE1EE = {
						CreatedOnToolsVersion = 10.1;
						LastSwiftMigration = 1150;
					};
				};
			};
			buildConfigurationList = BE4C33CA2236A6BA007AE1EE /* Build configuration list for PBXProject "SCNRecorder" */;
			compatibilityVersion = "Xcode 9.3";
			developmentRegion = en;
			hasScannedForEncodings = 0;
			knownRegions = (
				en,
				Base,
			);
			mainGroup = BE4C33C62236A6BA007AE1EE;
			productRefGroup = BE4C33D12236A6BA007AE1EE /* Products */;
			projectDirPath = "";
			projectRoot = "";
			targets = (
				BE4C33CF2236A6BA007AE1EE /* SCNRecorder */,
			);
		};
/* End PBXProject section */

/* Begin PBXResourcesBuildPhase section */
		BE4C33CE2236A6BA007AE1EE /* Resources */ = {
			isa = PBXResourcesBuildPhase;
			buildActionMask = 2147483647;
			files = (
				FB81FF2E251B7885001C129F /* LICENSE.md in Resources */,
				BE7565A12471246500B7EED2 /* .swiftlint.yml in Resources */,
				BE4C34242236BAB2007AE1EE /* README.md in Resources */,
			);
			runOnlyForDeploymentPostprocessing = 0;
		};
/* End PBXResourcesBuildPhase section */

/* Begin PBXShellScriptBuildPhase section */
		BEB4BD40244CF01C00636CC9 /* Swiftlint */ = {
			isa = PBXShellScriptBuildPhase;
			buildActionMask = 2147483647;
			files = (
			);
			inputFileListPaths = (
			);
			inputPaths = (
			);
			name = Swiftlint;
			outputFileListPaths = (
			);
			outputPaths = (
			);
			runOnlyForDeploymentPostprocessing = 0;
			shellPath = /bin/sh;
			shellScript = "if which swiftlint >/dev/null; then\n  swiftlint\nelse\n  echo \"warning: SwiftLint not installed, download from https://github.com/realm/SwiftLint\"\nfi\n";
			showEnvVarsInLog = 0;
		};
/* End PBXShellScriptBuildPhase section */

/* Begin PBXSourcesBuildPhase section */
		BE4C33CC2236A6BA007AE1EE /* Sources */ = {
			isa = PBXSourcesBuildPhase;
			buildActionMask = 2147483647;
			files = (
				D5B923F12510CC9C00D35585 /* WeakCollection.swift in Sources */,
				D5B923F02510CC9C00D35585 /* Property.swift in Sources */,
				D5B924062510CC9C00D35585 /* BaseRecorder.swift in Sources */,
				D55385CD254CB15900225EC0 /* PixelBufferOutput.swift in Sources */,
				D5B924122510CC9C00D35585 /* Renderable.swift in Sources */,
				D5B9240A2510CC9C00D35585 /* CleanRecorder.VideoInput.swift in Sources */,
				D5B924202510CC9C00D35585 /* PixelBufferPoolFactory.swift in Sources */,
				D5B924182510CC9C00D35585 /* SCNView+APIRecordable.swift in Sources */,
				D5B9241C2510CC9C00D35585 /* VideoSettings.swift in Sources */,
				D5B924162510CC9C00D35585 /* EAGLRecordable.swift in Sources */,
				D5B924022510CC9C00D35585 /* CAMetalLayer+RecordableLayer.swift in Sources */,
				D5B923E92510CC9C00D35585 /* VideoOutput.State.swift in Sources */,
				D5B923DF2510CC9B00D35585 /* MTLPixelFormat+Helpers.swift in Sources */,
				D5B923FF2510CC9C00D35585 /* SCNRecorderOriginMulticastDelegate.m in Sources */,
				D5B923F92510CC9C00D35585 /* AssociatedStorage.swift in Sources */,
				D5B924012510CC9C00D35585 /* RecordableLayer.swift in Sources */,
				D5B923EF2510CC9C00D35585 /* Buffer.swift in Sources */,
				D5B923FA2510CC9C00D35585 /* API.swift in Sources */,
				D5B923E32510CC9C00D35585 /* CVPixelBuffer+Helpers.swift in Sources */,
				D5B9240B2510CC9C00D35585 /* GeometryFilter.swift in Sources */,
				D5B923E22510CC9C00D35585 /* CIFilter+Helpers.swift in Sources */,
				D5B924072510CC9C00D35585 /* SceneRecorder.swift in Sources */,
				D5B923EA2510CC9C00D35585 /* VideoOutput.swift in Sources */,
				D5B924092510CC9C00D35585 /* CleanRecorder.swift in Sources */,
				D5B924102510CC9C00D35585 /* VideoRecording.Info.swift in Sources */,
				D5B923E72510CC9C00D35585 /* ImageOutput.swift in Sources */,
				D5B924232510CC9C00D35585 /* SelfRecordable.swift in Sources */,
				D5B924112510CC9C00D35585 /* VideoSettings.Codec.swift in Sources */,
				D5B924142510CC9C00D35585 /* VideoSettings.ScalingMode.swift in Sources */,
				D5B923EE2510CC9C00D35585 /* MediaSessionInput.swift in Sources */,
				D5B924002510CC9C00D35585 /* Weak.swift in Sources */,
				D5B924042510CC9C00D35585 /* VideoRecording.State.swift in Sources */,
				D5B9241B2510CC9C00D35585 /* MetalRecordable.swift in Sources */,
				D5B924172510CC9C00D35585 /* CleanRecordable.swift in Sources */,
				D5B9241A2510CC9C00D35585 /* APIRecordable.swift in Sources */,
				D5B923E82510CC9C00D35585 /* VideoOutput.Error.swift in Sources */,
				D5B923E62510CC9C00D35585 /* AVFileType+FilenameExtension.swift in Sources */,
				D5B923F42510CC9C00D35585 /* ReadWriteAtomic.swift in Sources */,
				D5B9240E2510CC9C00D35585 /* Filter.swift in Sources */,
				D5B923E42510CC9C00D35585 /* AVCaptureSession+BaseRecorder.swift in Sources */,
				D5B924252510CC9C00D35585 /* SCNView+SelfSceneRecordable.swift in Sources */,
				D5B923F82510CC9C00D35585 /* AudioAdapter.swift in Sources */,
				D5B9240F2510CC9C00D35585 /* SwappingFilter.swift in Sources */,
				D5B923F52510CC9C00D35585 /* ReadWriteLock.swift in Sources */,
				D5B924152510CC9C00D35585 /* VideoRecording.swift in Sources */,
				D5B923FE2510CC9C00D35585 /* SCNRecorderMulticastDelegate.m in Sources */,
				D5B923E02510CC9C00D35585 /* CIContext+Render.swift in Sources */,
				D5B923EC2510CC9C00D35585 /* MediaSessionOutput.swift in Sources */,
				D5B923F32510CC9C00D35585 /* UnfairLock.swift in Sources */,
				D5B9240D2510CC9C00D35585 /* CompositeFilter.swift in Sources */,
				D5B923E52510CC9C00D35585 /* CVPixelBufferPool+Factory.swift in Sources */,
				D5B923F72510CC9C00D35585 /* Atomic.swift in Sources */,
				D5B924032510CC9C00D35585 /* AudioSettings.swift in Sources */,
				D5B924052510CC9C00D35585 /* BaseRecorder.AudioInput.swift in Sources */,
				D5B9240C2510CC9C00D35585 /* WatermarkFilter.swift in Sources */,
				D5B923ED2510CC9C00D35585 /* MediaSession.swift in Sources */,
				D5B924082510CC9C00D35585 /* SceneRecorder.VideoInput.swift in Sources */,
				D5B924222510CC9C00D35585 /* SelfSceneRecordable.swift in Sources */,
				D5B9241E2510CC9C00D35585 /* EAGLPixelBufferProducer.swift in Sources */,
				D5B924132510CC9C00D35585 /* TimeScalable.swift in Sources */,
				D5B924192510CC9C00D35585 /* ARSCNView+CleanRecordable.swift in Sources */,
				D5B923FB2510CC9C00D35585 /* Observable.swift in Sources */,
				D5B9241F2510CC9C00D35585 /* MetalPixelBufferProducer.swift in Sources */,
				D5B923EB2510CC9C00D35585 /* VideoSettings.FileType.swift in Sources */,
				D5B923F62510CC9C00D35585 /* GCDAtomic.swift in Sources */,
				D5B923E12510CC9C00D35585 /* SCNView+MulticastDelegate.swift in Sources */,
				D5B923F22510CC9C00D35585 /* UnfairAtomic.swift in Sources */,
				D5B9241D2510CC9C00D35585 /* PixelBufferProducer.swift in Sources */,
			);
			runOnlyForDeploymentPostprocessing = 0;
		};
/* End PBXSourcesBuildPhase section */

/* Begin XCBuildConfiguration section */
		BE4C33D62236A6BA007AE1EE /* Debug */ = {
			isa = XCBuildConfiguration;
			buildSettings = {
				ALWAYS_SEARCH_USER_PATHS = NO;
				CLANG_ANALYZER_NONNULL = YES;
				CLANG_ANALYZER_NUMBER_OBJECT_CONVERSION = YES_AGGRESSIVE;
				CLANG_CXX_LANGUAGE_STANDARD = "gnu++14";
				CLANG_CXX_LIBRARY = "libc++";
				CLANG_ENABLE_MODULES = YES;
				CLANG_ENABLE_OBJC_ARC = YES;
				CLANG_ENABLE_OBJC_WEAK = YES;
				CLANG_WARN_BLOCK_CAPTURE_AUTORELEASING = YES;
				CLANG_WARN_BOOL_CONVERSION = YES;
				CLANG_WARN_COMMA = YES;
				CLANG_WARN_CONSTANT_CONVERSION = YES;
				CLANG_WARN_DEPRECATED_OBJC_IMPLEMENTATIONS = YES;
				CLANG_WARN_DIRECT_OBJC_ISA_USAGE = YES_ERROR;
				CLANG_WARN_DOCUMENTATION_COMMENTS = YES;
				CLANG_WARN_EMPTY_BODY = YES;
				CLANG_WARN_ENUM_CONVERSION = YES;
				CLANG_WARN_INFINITE_RECURSION = YES;
				CLANG_WARN_INT_CONVERSION = YES;
				CLANG_WARN_NON_LITERAL_NULL_CONVERSION = YES;
				CLANG_WARN_OBJC_IMPLICIT_RETAIN_SELF = YES;
				CLANG_WARN_OBJC_LITERAL_CONVERSION = YES;
				CLANG_WARN_OBJC_ROOT_CLASS = YES_ERROR;
				CLANG_WARN_QUOTED_INCLUDE_IN_FRAMEWORK_HEADER = YES;
				CLANG_WARN_RANGE_LOOP_ANALYSIS = YES;
				CLANG_WARN_STRICT_PROTOTYPES = YES;
				CLANG_WARN_SUSPICIOUS_MOVE = YES;
				CLANG_WARN_UNGUARDED_AVAILABILITY = YES_AGGRESSIVE;
				CLANG_WARN_UNREACHABLE_CODE = YES;
				CLANG_WARN__DUPLICATE_METHOD_MATCH = YES;
				CODE_SIGN_IDENTITY = "iPhone Developer";
				COPY_PHASE_STRIP = NO;
				CURRENT_PROJECT_VERSION = 1;
				DEBUG_INFORMATION_FORMAT = dwarf;
				ENABLE_STRICT_OBJC_MSGSEND = YES;
				ENABLE_TESTABILITY = YES;
				GCC_C_LANGUAGE_STANDARD = gnu11;
				GCC_DYNAMIC_NO_PIC = NO;
				GCC_NO_COMMON_BLOCKS = YES;
				GCC_OPTIMIZATION_LEVEL = 0;
				GCC_PREPROCESSOR_DEFINITIONS = (
					"DEBUG=1",
					GLES_SILENCE_DEPRECATION,
					CI_SILENCE_GL_DEPRECATION,
					"$(inherited)",
				);
				GCC_WARN_64_TO_32_BIT_CONVERSION = YES;
				GCC_WARN_ABOUT_RETURN_TYPE = YES_ERROR;
				GCC_WARN_UNDECLARED_SELECTOR = YES;
				GCC_WARN_UNINITIALIZED_AUTOS = YES_AGGRESSIVE;
				GCC_WARN_UNUSED_FUNCTION = YES;
				GCC_WARN_UNUSED_VARIABLE = YES;
				IPHONEOS_DEPLOYMENT_TARGET = 12.0;
				MTL_ENABLE_DEBUG_INFO = INCLUDE_SOURCE;
				MTL_FAST_MATH = YES;
				ONLY_ACTIVE_ARCH = YES;
				SDKROOT = iphoneos;
				SWIFT_ACTIVE_COMPILATION_CONDITIONS = DEBUG;
				SWIFT_OPTIMIZATION_LEVEL = "-Onone";
				VERSIONING_SYSTEM = "apple-generic";
				VERSION_INFO_PREFIX = "";
			};
			name = Debug;
		};
		BE4C33D72236A6BA007AE1EE /* Release */ = {
			isa = XCBuildConfiguration;
			buildSettings = {
				ALWAYS_SEARCH_USER_PATHS = NO;
				CLANG_ANALYZER_NONNULL = YES;
				CLANG_ANALYZER_NUMBER_OBJECT_CONVERSION = YES_AGGRESSIVE;
				CLANG_CXX_LANGUAGE_STANDARD = "gnu++14";
				CLANG_CXX_LIBRARY = "libc++";
				CLANG_ENABLE_MODULES = YES;
				CLANG_ENABLE_OBJC_ARC = YES;
				CLANG_ENABLE_OBJC_WEAK = YES;
				CLANG_WARN_BLOCK_CAPTURE_AUTORELEASING = YES;
				CLANG_WARN_BOOL_CONVERSION = YES;
				CLANG_WARN_COMMA = YES;
				CLANG_WARN_CONSTANT_CONVERSION = YES;
				CLANG_WARN_DEPRECATED_OBJC_IMPLEMENTATIONS = YES;
				CLANG_WARN_DIRECT_OBJC_ISA_USAGE = YES_ERROR;
				CLANG_WARN_DOCUMENTATION_COMMENTS = YES;
				CLANG_WARN_EMPTY_BODY = YES;
				CLANG_WARN_ENUM_CONVERSION = YES;
				CLANG_WARN_INFINITE_RECURSION = YES;
				CLANG_WARN_INT_CONVERSION = YES;
				CLANG_WARN_NON_LITERAL_NULL_CONVERSION = YES;
				CLANG_WARN_OBJC_IMPLICIT_RETAIN_SELF = YES;
				CLANG_WARN_OBJC_LITERAL_CONVERSION = YES;
				CLANG_WARN_OBJC_ROOT_CLASS = YES_ERROR;
				CLANG_WARN_QUOTED_INCLUDE_IN_FRAMEWORK_HEADER = YES;
				CLANG_WARN_RANGE_LOOP_ANALYSIS = YES;
				CLANG_WARN_STRICT_PROTOTYPES = YES;
				CLANG_WARN_SUSPICIOUS_MOVE = YES;
				CLANG_WARN_UNGUARDED_AVAILABILITY = YES_AGGRESSIVE;
				CLANG_WARN_UNREACHABLE_CODE = YES;
				CLANG_WARN__DUPLICATE_METHOD_MATCH = YES;
				CODE_SIGN_IDENTITY = "iPhone Developer";
				COPY_PHASE_STRIP = NO;
				CURRENT_PROJECT_VERSION = 1;
				DEBUG_INFORMATION_FORMAT = "dwarf-with-dsym";
				ENABLE_NS_ASSERTIONS = NO;
				ENABLE_STRICT_OBJC_MSGSEND = YES;
				GCC_C_LANGUAGE_STANDARD = gnu11;
				GCC_NO_COMMON_BLOCKS = YES;
				GCC_PREPROCESSOR_DEFINITIONS = (
					GLES_SILENCE_DEPRECATION,
					CI_SILENCE_GL_DEPRECATION,
				);
				GCC_WARN_64_TO_32_BIT_CONVERSION = YES;
				GCC_WARN_ABOUT_RETURN_TYPE = YES_ERROR;
				GCC_WARN_UNDECLARED_SELECTOR = YES;
				GCC_WARN_UNINITIALIZED_AUTOS = YES_AGGRESSIVE;
				GCC_WARN_UNUSED_FUNCTION = YES;
				GCC_WARN_UNUSED_VARIABLE = YES;
				IPHONEOS_DEPLOYMENT_TARGET = 12.0;
				MTL_ENABLE_DEBUG_INFO = NO;
				MTL_FAST_MATH = YES;
				SDKROOT = iphoneos;
				SWIFT_COMPILATION_MODE = wholemodule;
				SWIFT_OPTIMIZATION_LEVEL = "-O";
				VALIDATE_PRODUCT = YES;
				VERSIONING_SYSTEM = "apple-generic";
				VERSION_INFO_PREFIX = "";
			};
			name = Release;
		};
		BE4C33D92236A6BA007AE1EE /* Debug */ = {
			isa = XCBuildConfiguration;
			buildSettings = {
				CLANG_ENABLE_MODULES = YES;
				CODE_SIGN_IDENTITY = "";
				CODE_SIGN_STYLE = Automatic;
				DEFINES_MODULE = YES;
				DYLIB_COMPATIBILITY_VERSION = 1;
				DYLIB_CURRENT_VERSION = 1;
				DYLIB_INSTALL_NAME_BASE = "@rpath";
				INFOPLIST_FILE = Info.plist;
				INSTALL_PATH = "$(LOCAL_LIBRARY_DIR)/Frameworks";
				LD_RUNPATH_SEARCH_PATHS = (
					"$(inherited)",
					"@executable_path/Frameworks",
					"@loader_path/Frameworks",
				);
				MARKETING_VERSION = 2.1.3;
				MODULEMAP_FILE = SCNRecorder.modulemap;
				PRODUCT_BUNDLE_IDENTIFIER = gora.studio.SCNRecorder;
				PRODUCT_NAME = "$(TARGET_NAME:c99extidentifier)";
				SKIP_INSTALL = YES;
				SWIFT_OPTIMIZATION_LEVEL = "-Onone";
				SWIFT_VERSION = 5.0;
				TARGETED_DEVICE_FAMILY = "1,2";
			};
			name = Debug;
		};
		BE4C33DA2236A6BA007AE1EE /* Release */ = {
			isa = XCBuildConfiguration;
			buildSettings = {
				CLANG_ENABLE_MODULES = YES;
				CODE_SIGN_IDENTITY = "";
				CODE_SIGN_STYLE = Automatic;
				DEFINES_MODULE = YES;
				DYLIB_COMPATIBILITY_VERSION = 1;
				DYLIB_CURRENT_VERSION = 1;
				DYLIB_INSTALL_NAME_BASE = "@rpath";
				INFOPLIST_FILE = Info.plist;
				INSTALL_PATH = "$(LOCAL_LIBRARY_DIR)/Frameworks";
				LD_RUNPATH_SEARCH_PATHS = (
					"$(inherited)",
					"@executable_path/Frameworks",
					"@loader_path/Frameworks",
				);
				MARKETING_VERSION = 2.1.3;
				MODULEMAP_FILE = SCNRecorder.modulemap;
				PRODUCT_BUNDLE_IDENTIFIER = gora.studio.SCNRecorder;
				PRODUCT_NAME = "$(TARGET_NAME:c99extidentifier)";
				SKIP_INSTALL = YES;
				SWIFT_VERSION = 5.0;
				TARGETED_DEVICE_FAMILY = "1,2";
			};
			name = Release;
		};
/* End XCBuildConfiguration section */

/* Begin XCConfigurationList section */
		BE4C33CA2236A6BA007AE1EE /* Build configuration list for PBXProject "SCNRecorder" */ = {
			isa = XCConfigurationList;
			buildConfigurations = (
				BE4C33D62236A6BA007AE1EE /* Debug */,
				BE4C33D72236A6BA007AE1EE /* Release */,
			);
			defaultConfigurationIsVisible = 0;
			defaultConfigurationName = Release;
		};
		BE4C33D82236A6BA007AE1EE /* Build configuration list for PBXNativeTarget "SCNRecorder" */ = {
			isa = XCConfigurationList;
			buildConfigurations = (
				BE4C33D92236A6BA007AE1EE /* Debug */,
				BE4C33DA2236A6BA007AE1EE /* Release */,
			);
			defaultConfigurationIsVisible = 0;
			defaultConfigurationName = Release;
		};
/* End XCConfigurationList section */
	};
	rootObject = BE4C33C72236A6BA007AE1EE /* Project object */;
}
