// !$*UTF8*$!
{
	archiveVersion = 1;
	classes = {
	};
	objectVersion = 50;
	objects = {

/* Begin PBXBuildFile section */
		BE09E69423B8FF610021FC32 /* Atomic.swift in Sources */ = {isa = PBXBuildFile; fileRef = BE09E69323B8FF610021FC32 /* Atomic.swift */; };
		BE09E69623B8FF9C0021FC32 /* Lock.swift in Sources */ = {isa = PBXBuildFile; fileRef = BE09E69523B8FF9C0021FC32 /* Lock.swift */; };
		BE09E69823B902180021FC32 /* Property.swift in Sources */ = {isa = PBXBuildFile; fileRef = BE09E69723B902180021FC32 /* Property.swift */; };
		BE09E69A23B910260021FC32 /* SCNRecorder.AudioAdapter.swift in Sources */ = {isa = PBXBuildFile; fileRef = BE09E69923B910260021FC32 /* SCNRecorder.AudioAdapter.swift */; };
		BE09E6A523B93EF30021FC32 /* PixelBufferPoolFactory.swift in Sources */ = {isa = PBXBuildFile; fileRef = BE09E6A423B93EF30021FC32 /* PixelBufferPoolFactory.swift */; };
		BE09E6AC23B94D900021FC32 /* CVPixelBufferPool+Factory.swift in Sources */ = {isa = PBXBuildFile; fileRef = BE09E6AA23B94D900021FC32 /* CVPixelBufferPool+Factory.swift */; };
		BE09E6B423BA76570021FC32 /* SCNView+RecordableView.swift in Sources */ = {isa = PBXBuildFile; fileRef = BE09E6B323BA76570021FC32 /* SCNView+RecordableView.swift */; };
		BE09E6B623BA76D20021FC32 /* CAMetalLayer+RecordableLayer.swift in Sources */ = {isa = PBXBuildFile; fileRef = BE09E6B523BA76D20021FC32 /* CAMetalLayer+RecordableLayer.swift */; };
		BE09E6BD23BA83EB0021FC32 /* RecordableLayer.swift in Sources */ = {isa = PBXBuildFile; fileRef = BE09E6BC23BA83EB0021FC32 /* RecordableLayer.swift */; };
		BE09E6C123BA8DC40021FC32 /* API.swift in Sources */ = {isa = PBXBuildFile; fileRef = BE09E6C023BA8DC40021FC32 /* API.swift */; };
		BE09E6C323BA94F80021FC32 /* Recordable.swift in Sources */ = {isa = PBXBuildFile; fileRef = BE09E6C223BA94F80021FC32 /* Recordable.swift */; };
		BE09E6C923BABA700021FC32 /* SCNView+Recordable.swift in Sources */ = {isa = PBXBuildFile; fileRef = BE09E6C823BABA700021FC32 /* SCNView+Recordable.swift */; };
		BE4C33D52236A6BA007AE1EE /* SCNRecorder.h in Headers */ = {isa = PBXBuildFile; fileRef = BE4C33D32236A6BA007AE1EE /* SCNRecorder.h */; settings = {ATTRIBUTES = (Public, ); }; };
		BE4C33DC2236A7AB007AE1EE /* SCNRecorder.swift in Sources */ = {isa = PBXBuildFile; fileRef = BE4C33DB2236A7AB007AE1EE /* SCNRecorder.swift */; };
		BE4C33E52236A9D8007AE1EE /* Filter.swift in Sources */ = {isa = PBXBuildFile; fileRef = BE4C33E42236A9D8007AE1EE /* Filter.swift */; };
		BE4C33E72236AB6B007AE1EE /* SwappingFilter.swift in Sources */ = {isa = PBXBuildFile; fileRef = BE4C33E62236AB6B007AE1EE /* SwappingFilter.swift */; };
		BE4C33E92236AB78007AE1EE /* CompositeFilter.swift in Sources */ = {isa = PBXBuildFile; fileRef = BE4C33E82236AB78007AE1EE /* CompositeFilter.swift */; };
		BE4C33EB2236AB88007AE1EE /* GeometryFilter.swift in Sources */ = {isa = PBXBuildFile; fileRef = BE4C33EA2236AB88007AE1EE /* GeometryFilter.swift */; };
		BE4C33ED2236AB99007AE1EE /* WatermarkFilter.swift in Sources */ = {isa = PBXBuildFile; fileRef = BE4C33EC2236AB99007AE1EE /* WatermarkFilter.swift */; };
		BE4C33F02236B0E3007AE1EE /* AVCaptureSession+SCNRecorder.swift in Sources */ = {isa = PBXBuildFile; fileRef = BE4C33EF2236B0E3007AE1EE /* AVCaptureSession+SCNRecorder.swift */; };
		BE4C33F22236B0EA007AE1EE /* CIFilter+Helpers.swift in Sources */ = {isa = PBXBuildFile; fileRef = BE4C33F12236B0EA007AE1EE /* CIFilter+Helpers.swift */; };
		BE4C33F52236B21B007AE1EE /* SCNRecordableView.swift in Sources */ = {isa = PBXBuildFile; fileRef = BE4C33F42236B21B007AE1EE /* SCNRecordableView.swift */; };
		BE4C33F72236B22F007AE1EE /* ARSCNRecordableView.swift in Sources */ = {isa = PBXBuildFile; fileRef = BE4C33F62236B22F007AE1EE /* ARSCNRecordableView.swift */; };
		BE4C33FA2236B326007AE1EE /* CAMetalRecordableLayer.swift in Sources */ = {isa = PBXBuildFile; fileRef = BE4C33F92236B326007AE1EE /* CAMetalRecordableLayer.swift */; };
		BE4C33FD2236B412007AE1EE /* InternalRecorder.swift in Sources */ = {isa = PBXBuildFile; fileRef = BE4C33FC2236B412007AE1EE /* InternalRecorder.swift */; };
		BE4C34052236B5F5007AE1EE /* PixelBufferProducer.swift in Sources */ = {isa = PBXBuildFile; fileRef = BE4C34042236B5F5007AE1EE /* PixelBufferProducer.swift */; };
		BE4C34072236B600007AE1EE /* MetalPixelBufferProducer.swift in Sources */ = {isa = PBXBuildFile; fileRef = BE4C34062236B600007AE1EE /* MetalPixelBufferProducer.swift */; };
		BE4C34092236B615007AE1EE /* EAGLPixelBufferProducer.swift in Sources */ = {isa = PBXBuildFile; fileRef = BE4C34082236B615007AE1EE /* EAGLPixelBufferProducer.swift */; };
		BE4C340C2236B66C007AE1EE /* PixelBufferConsumer.swift in Sources */ = {isa = PBXBuildFile; fileRef = BE4C340B2236B66C007AE1EE /* PixelBufferConsumer.swift */; };
		BE4C340E2236B677007AE1EE /* AudioSampleBufferConsumer.swift in Sources */ = {isa = PBXBuildFile; fileRef = BE4C340D2236B677007AE1EE /* AudioSampleBufferConsumer.swift */; };
		BE4C34122236B6E0007AE1EE /* ImageRecorder.swift in Sources */ = {isa = PBXBuildFile; fileRef = BE4C34112236B6E0007AE1EE /* ImageRecorder.swift */; };
		BE4C34142236B6F0007AE1EE /* VideoRecorder.swift in Sources */ = {isa = PBXBuildFile; fileRef = BE4C34132236B6F0007AE1EE /* VideoRecorder.swift */; };
		BE4C34162236B6FE007AE1EE /* VideoRecorder.Recording.swift in Sources */ = {isa = PBXBuildFile; fileRef = BE4C34152236B6FE007AE1EE /* VideoRecorder.Recording.swift */; };
		BE4C341A2236B718007AE1EE /* SCNVideoRecording.swift in Sources */ = {isa = PBXBuildFile; fileRef = BE4C34192236B718007AE1EE /* SCNVideoRecording.swift */; };
		BE4C341E2236B73D007AE1EE /* VideoRecorder.State.swift in Sources */ = {isa = PBXBuildFile; fileRef = BE4C341D2236B73D007AE1EE /* VideoRecorder.State.swift */; };
		BE4C34242236BAB2007AE1EE /* README.md in Resources */ = {isa = PBXBuildFile; fileRef = BE4C34232236BAB2007AE1EE /* README.md */; };
		BE4C34262236C034007AE1EE /* LICENSE in Resources */ = {isa = PBXBuildFile; fileRef = BE4C34252236C034007AE1EE /* LICENSE */; };
		BE70C51E224641A500539893 /* MTLPixelFormat+Helpers.swift in Sources */ = {isa = PBXBuildFile; fileRef = BE70C51D224641A500539893 /* MTLPixelFormat+Helpers.swift */; };
		BE7BE39623BF8FC500DB38B6 /* CIContext+Render.swift in Sources */ = {isa = PBXBuildFile; fileRef = BE7BE39523BF8FC500DB38B6 /* CIContext+Render.swift */; };
		BE7BE39723BF91F300DB38B6 /* CVPixelBuffer+Helpers.swift in Sources */ = {isa = PBXBuildFile; fileRef = BE09E6AB23B94D900021FC32 /* CVPixelBuffer+Helpers.swift */; };
		BE86D1C122395F8D0047914A /* RecordableView.swift in Sources */ = {isa = PBXBuildFile; fileRef = BE86D1C022395F8D0047914A /* RecordableView.swift */; };
		BE874AD223BFE79E00C0365E /* AVFileType+FilenameExtension.swift in Sources */ = {isa = PBXBuildFile; fileRef = BE874AD123BFE79E00C0365E /* AVFileType+FilenameExtension.swift */; };
		BE92DD27244C7CC800FC12FA /* VideoRecorder.VideoConfiguration.swift in Sources */ = {isa = PBXBuildFile; fileRef = BE92DD26244C7CC800FC12FA /* VideoRecorder.VideoConfiguration.swift */; };
		BE92DD29244C7CE200FC12FA /* VideoRecorder.AudioConfiguration.swift in Sources */ = {isa = PBXBuildFile; fileRef = BE92DD28244C7CE200FC12FA /* VideoRecorder.AudioConfiguration.swift */; };
		BE92DD2D244C819400FC12FA /* VideoRecorder.PixelBufferAdaptor.swift in Sources */ = {isa = PBXBuildFile; fileRef = BE92DD2C244C819400FC12FA /* VideoRecorder.PixelBufferAdaptor.swift */; };
		BE92DD2F244C835100FC12FA /* VideoRecorder.AssterWriter.swift in Sources */ = {isa = PBXBuildFile; fileRef = BE92DD2E244C835100FC12FA /* VideoRecorder.AssterWriter.swift */; };
		BE92DD32244C845200FC12FA /* TimeScalable.swift in Sources */ = {isa = PBXBuildFile; fileRef = BE92DD31244C845200FC12FA /* TimeScalable.swift */; };
		BE92DD35244C859A00FC12FA /* VideoRecorder.Error.swift in Sources */ = {isa = PBXBuildFile; fileRef = BE92DD34244C859A00FC12FA /* VideoRecorder.Error.swift */; };
		BE92DD37244C88EE00FC12FA /* VideoRecorder.AudioInput.swift in Sources */ = {isa = PBXBuildFile; fileRef = BE92DD36244C88EE00FC12FA /* VideoRecorder.AudioInput.swift */; };
		BE92DD39244C890400FC12FA /* VideoRecorder.VideoInput.swift in Sources */ = {isa = PBXBuildFile; fileRef = BE92DD38244C890400FC12FA /* VideoRecorder.VideoInput.swift */; };
/* End PBXBuildFile section */

/* Begin PBXFileReference section */
		BE09E69323B8FF610021FC32 /* Atomic.swift */ = {isa = PBXFileReference; lastKnownFileType = sourcecode.swift; path = Atomic.swift; sourceTree = "<group>"; };
		BE09E69523B8FF9C0021FC32 /* Lock.swift */ = {isa = PBXFileReference; lastKnownFileType = sourcecode.swift; path = Lock.swift; sourceTree = "<group>"; };
		BE09E69723B902180021FC32 /* Property.swift */ = {isa = PBXFileReference; lastKnownFileType = sourcecode.swift; path = Property.swift; sourceTree = "<group>"; };
		BE09E69923B910260021FC32 /* SCNRecorder.AudioAdapter.swift */ = {isa = PBXFileReference; lastKnownFileType = sourcecode.swift; path = SCNRecorder.AudioAdapter.swift; sourceTree = "<group>"; };
		BE09E6A423B93EF30021FC32 /* PixelBufferPoolFactory.swift */ = {isa = PBXFileReference; lastKnownFileType = sourcecode.swift; path = PixelBufferPoolFactory.swift; sourceTree = "<group>"; };
		BE09E6AA23B94D900021FC32 /* CVPixelBufferPool+Factory.swift */ = {isa = PBXFileReference; fileEncoding = 4; lastKnownFileType = sourcecode.swift; path = "CVPixelBufferPool+Factory.swift"; sourceTree = "<group>"; };
		BE09E6AB23B94D900021FC32 /* CVPixelBuffer+Helpers.swift */ = {isa = PBXFileReference; fileEncoding = 4; lastKnownFileType = sourcecode.swift; path = "CVPixelBuffer+Helpers.swift"; sourceTree = "<group>"; };
		BE09E6B323BA76570021FC32 /* SCNView+RecordableView.swift */ = {isa = PBXFileReference; lastKnownFileType = sourcecode.swift; name = "SCNView+RecordableView.swift"; path = "../Not-Swizzling/SCNView+RecordableView.swift"; sourceTree = "<group>"; };
		BE09E6B523BA76D20021FC32 /* CAMetalLayer+RecordableLayer.swift */ = {isa = PBXFileReference; lastKnownFileType = sourcecode.swift; name = "CAMetalLayer+RecordableLayer.swift"; path = "../Not-Swizzling/CAMetalLayer+RecordableLayer.swift"; sourceTree = "<group>"; };
		BE09E6BC23BA83EB0021FC32 /* RecordableLayer.swift */ = {isa = PBXFileReference; lastKnownFileType = sourcecode.swift; path = RecordableLayer.swift; sourceTree = "<group>"; };
		BE09E6C023BA8DC40021FC32 /* API.swift */ = {isa = PBXFileReference; lastKnownFileType = sourcecode.swift; path = API.swift; sourceTree = "<group>"; };
		BE09E6C223BA94F80021FC32 /* Recordable.swift */ = {isa = PBXFileReference; lastKnownFileType = sourcecode.swift; path = Recordable.swift; sourceTree = "<group>"; };
		BE09E6C823BABA700021FC32 /* SCNView+Recordable.swift */ = {isa = PBXFileReference; lastKnownFileType = sourcecode.swift; name = "SCNView+Recordable.swift"; path = "Swizzling/SCNView+Recordable.swift"; sourceTree = "<group>"; };
		BE4C33D02236A6BA007AE1EE /* SCNRecorder.framework */ = {isa = PBXFileReference; explicitFileType = wrapper.framework; includeInIndex = 0; path = SCNRecorder.framework; sourceTree = BUILT_PRODUCTS_DIR; };
		BE4C33D32236A6BA007AE1EE /* SCNRecorder.h */ = {isa = PBXFileReference; lastKnownFileType = sourcecode.c.h; path = SCNRecorder.h; sourceTree = "<group>"; };
		BE4C33D42236A6BA007AE1EE /* Info.plist */ = {isa = PBXFileReference; lastKnownFileType = text.plist.xml; path = Info.plist; sourceTree = "<group>"; };
		BE4C33DB2236A7AB007AE1EE /* SCNRecorder.swift */ = {isa = PBXFileReference; lastKnownFileType = sourcecode.swift; path = SCNRecorder.swift; sourceTree = "<group>"; };
		BE4C33E42236A9D8007AE1EE /* Filter.swift */ = {isa = PBXFileReference; lastKnownFileType = sourcecode.swift; path = Filter.swift; sourceTree = "<group>"; };
		BE4C33E62236AB6B007AE1EE /* SwappingFilter.swift */ = {isa = PBXFileReference; lastKnownFileType = sourcecode.swift; path = SwappingFilter.swift; sourceTree = "<group>"; };
		BE4C33E82236AB78007AE1EE /* CompositeFilter.swift */ = {isa = PBXFileReference; lastKnownFileType = sourcecode.swift; path = CompositeFilter.swift; sourceTree = "<group>"; };
		BE4C33EA2236AB88007AE1EE /* GeometryFilter.swift */ = {isa = PBXFileReference; lastKnownFileType = sourcecode.swift; path = GeometryFilter.swift; sourceTree = "<group>"; };
		BE4C33EC2236AB99007AE1EE /* WatermarkFilter.swift */ = {isa = PBXFileReference; lastKnownFileType = sourcecode.swift; path = WatermarkFilter.swift; sourceTree = "<group>"; };
		BE4C33EF2236B0E3007AE1EE /* AVCaptureSession+SCNRecorder.swift */ = {isa = PBXFileReference; lastKnownFileType = sourcecode.swift; path = "AVCaptureSession+SCNRecorder.swift"; sourceTree = "<group>"; };
		BE4C33F12236B0EA007AE1EE /* CIFilter+Helpers.swift */ = {isa = PBXFileReference; lastKnownFileType = sourcecode.swift; path = "CIFilter+Helpers.swift"; sourceTree = "<group>"; };
		BE4C33F42236B21B007AE1EE /* SCNRecordableView.swift */ = {isa = PBXFileReference; lastKnownFileType = sourcecode.swift; path = SCNRecordableView.swift; sourceTree = "<group>"; };
		BE4C33F62236B22F007AE1EE /* ARSCNRecordableView.swift */ = {isa = PBXFileReference; lastKnownFileType = sourcecode.swift; path = ARSCNRecordableView.swift; sourceTree = "<group>"; };
		BE4C33F92236B326007AE1EE /* CAMetalRecordableLayer.swift */ = {isa = PBXFileReference; lastKnownFileType = sourcecode.swift; path = CAMetalRecordableLayer.swift; sourceTree = "<group>"; };
		BE4C33FC2236B412007AE1EE /* InternalRecorder.swift */ = {isa = PBXFileReference; lastKnownFileType = sourcecode.swift; path = InternalRecorder.swift; sourceTree = "<group>"; };
		BE4C34042236B5F5007AE1EE /* PixelBufferProducer.swift */ = {isa = PBXFileReference; lastKnownFileType = sourcecode.swift; path = PixelBufferProducer.swift; sourceTree = "<group>"; };
		BE4C34062236B600007AE1EE /* MetalPixelBufferProducer.swift */ = {isa = PBXFileReference; lastKnownFileType = sourcecode.swift; path = MetalPixelBufferProducer.swift; sourceTree = "<group>"; };
		BE4C34082236B615007AE1EE /* EAGLPixelBufferProducer.swift */ = {isa = PBXFileReference; lastKnownFileType = sourcecode.swift; path = EAGLPixelBufferProducer.swift; sourceTree = "<group>"; };
		BE4C340B2236B66C007AE1EE /* PixelBufferConsumer.swift */ = {isa = PBXFileReference; lastKnownFileType = sourcecode.swift; path = PixelBufferConsumer.swift; sourceTree = "<group>"; };
		BE4C340D2236B677007AE1EE /* AudioSampleBufferConsumer.swift */ = {isa = PBXFileReference; lastKnownFileType = sourcecode.swift; path = AudioSampleBufferConsumer.swift; sourceTree = "<group>"; };
		BE4C34112236B6E0007AE1EE /* ImageRecorder.swift */ = {isa = PBXFileReference; lastKnownFileType = sourcecode.swift; path = ImageRecorder.swift; sourceTree = "<group>"; };
		BE4C34132236B6F0007AE1EE /* VideoRecorder.swift */ = {isa = PBXFileReference; lastKnownFileType = sourcecode.swift; path = VideoRecorder.swift; sourceTree = "<group>"; };
		BE4C34152236B6FE007AE1EE /* VideoRecorder.Recording.swift */ = {isa = PBXFileReference; lastKnownFileType = sourcecode.swift; path = VideoRecorder.Recording.swift; sourceTree = "<group>"; };
		BE4C34192236B718007AE1EE /* SCNVideoRecording.swift */ = {isa = PBXFileReference; lastKnownFileType = sourcecode.swift; path = SCNVideoRecording.swift; sourceTree = "<group>"; };
		BE4C341D2236B73D007AE1EE /* VideoRecorder.State.swift */ = {isa = PBXFileReference; lastKnownFileType = sourcecode.swift; path = VideoRecorder.State.swift; sourceTree = "<group>"; };
		BE4C34232236BAB2007AE1EE /* README.md */ = {isa = PBXFileReference; lastKnownFileType = net.daringfireball.markdown; path = README.md; sourceTree = "<group>"; };
		BE4C34252236C034007AE1EE /* LICENSE */ = {isa = PBXFileReference; lastKnownFileType = text; path = LICENSE; sourceTree = "<group>"; };
		BE70C51D224641A500539893 /* MTLPixelFormat+Helpers.swift */ = {isa = PBXFileReference; lastKnownFileType = sourcecode.swift; path = "MTLPixelFormat+Helpers.swift"; sourceTree = "<group>"; };
		BE7BE39523BF8FC500DB38B6 /* CIContext+Render.swift */ = {isa = PBXFileReference; lastKnownFileType = sourcecode.swift; path = "CIContext+Render.swift"; sourceTree = "<group>"; };
		BE86D1C022395F8D0047914A /* RecordableView.swift */ = {isa = PBXFileReference; lastKnownFileType = sourcecode.swift; path = RecordableView.swift; sourceTree = "<group>"; };
		BE874AD123BFE79E00C0365E /* AVFileType+FilenameExtension.swift */ = {isa = PBXFileReference; lastKnownFileType = sourcecode.swift; path = "AVFileType+FilenameExtension.swift"; sourceTree = "<group>"; };
		BE92DD26244C7CC800FC12FA /* VideoRecorder.VideoConfiguration.swift */ = {isa = PBXFileReference; lastKnownFileType = sourcecode.swift; path = VideoRecorder.VideoConfiguration.swift; sourceTree = "<group>"; };
		BE92DD28244C7CE200FC12FA /* VideoRecorder.AudioConfiguration.swift */ = {isa = PBXFileReference; lastKnownFileType = sourcecode.swift; path = VideoRecorder.AudioConfiguration.swift; sourceTree = "<group>"; };
		BE92DD2C244C819400FC12FA /* VideoRecorder.PixelBufferAdaptor.swift */ = {isa = PBXFileReference; lastKnownFileType = sourcecode.swift; path = VideoRecorder.PixelBufferAdaptor.swift; sourceTree = "<group>"; };
		BE92DD2E244C835100FC12FA /* VideoRecorder.AssterWriter.swift */ = {isa = PBXFileReference; lastKnownFileType = sourcecode.swift; path = VideoRecorder.AssterWriter.swift; sourceTree = "<group>"; };
		BE92DD31244C845200FC12FA /* TimeScalable.swift */ = {isa = PBXFileReference; lastKnownFileType = sourcecode.swift; path = TimeScalable.swift; sourceTree = "<group>"; };
		BE92DD34244C859A00FC12FA /* VideoRecorder.Error.swift */ = {isa = PBXFileReference; lastKnownFileType = sourcecode.swift; path = VideoRecorder.Error.swift; sourceTree = "<group>"; };
		BE92DD36244C88EE00FC12FA /* VideoRecorder.AudioInput.swift */ = {isa = PBXFileReference; lastKnownFileType = sourcecode.swift; path = VideoRecorder.AudioInput.swift; sourceTree = "<group>"; };
		BE92DD38244C890400FC12FA /* VideoRecorder.VideoInput.swift */ = {isa = PBXFileReference; lastKnownFileType = sourcecode.swift; path = VideoRecorder.VideoInput.swift; sourceTree = "<group>"; };
/* End PBXFileReference section */

/* Begin PBXFrameworksBuildPhase section */
		BE4C33CD2236A6BA007AE1EE /* Frameworks */ = {
			isa = PBXFrameworksBuildPhase;
			buildActionMask = 2147483647;
			files = (
			);
			runOnlyForDeploymentPostprocessing = 0;
		};
/* End PBXFrameworksBuildPhase section */

/* Begin PBXGroup section */
		BE09E6A223B93EC10021FC32 /* PoolFactory */ = {
			isa = PBXGroup;
			children = (
				BE09E6A423B93EF30021FC32 /* PixelBufferPoolFactory.swift */,
			);
			path = PoolFactory;
			sourceTree = "<group>";
		};
		BE09E6A323B93ED40021FC32 /* Producer */ = {
			isa = PBXGroup;
			children = (
				BE4C34042236B5F5007AE1EE /* PixelBufferProducer.swift */,
				BE4C34062236B600007AE1EE /* MetalPixelBufferProducer.swift */,
				BE4C34082236B615007AE1EE /* EAGLPixelBufferProducer.swift */,
			);
			path = Producer;
			sourceTree = "<group>";
		};
		BE09E6C423BAB70F0021FC32 /* Swizzling */ = {
			isa = PBXGroup;
			children = (
				BE09E6B323BA76570021FC32 /* SCNView+RecordableView.swift */,
				BE09E6B523BA76D20021FC32 /* CAMetalLayer+RecordableLayer.swift */,
			);
			path = Swizzling;
			sourceTree = "<group>";
		};
		BE09E6C523BAB7160021FC32 /* Not-Swizzling */ = {
			isa = PBXGroup;
			children = (
				BE4C33F42236B21B007AE1EE /* SCNRecordableView.swift */,
				BE4C33F62236B22F007AE1EE /* ARSCNRecordableView.swift */,
				BE4C33F92236B326007AE1EE /* CAMetalRecordableLayer.swift */,
			);
			path = "Not-Swizzling";
			sourceTree = "<group>";
		};
		BE4C33C62236A6BA007AE1EE = {
			isa = PBXGroup;
			children = (
				BE4C34232236BAB2007AE1EE /* README.md */,
				BE4C34252236C034007AE1EE /* LICENSE */,
				BE4C33D22236A6BA007AE1EE /* Source */,
				BE4C33D12236A6BA007AE1EE /* Products */,
			);
			indentWidth = 2;
			sourceTree = "<group>";
			tabWidth = 2;
		};
		BE4C33D12236A6BA007AE1EE /* Products */ = {
			isa = PBXGroup;
			children = (
				BE4C33D02236A6BA007AE1EE /* SCNRecorder.framework */,
			);
			name = Products;
			sourceTree = "<group>";
		};
		BE4C33D22236A6BA007AE1EE /* Source */ = {
			isa = PBXGroup;
			children = (
				BE4C33DB2236A7AB007AE1EE /* SCNRecorder.swift */,
				BE09E69923B910260021FC32 /* SCNRecorder.AudioAdapter.swift */,
				BE4C34192236B718007AE1EE /* SCNVideoRecording.swift */,
				BE86D1C222395FA60047914A /* Recordable */,
				BE4C33FB2236B3F9007AE1EE /* InternalRecorder */,
				BE4C34032236B5DD007AE1EE /* PixelBuffer */,
				BE4C340A2236B657007AE1EE /* Consumers */,
				BE4C33E22236A9BD007AE1EE /* Filter */,
				BE92DD30244C842D00FC12FA /* Protocols */,
				BE4C34002236B4A8007AE1EE /* Helpers */,
				BE4C33EE2236B0C4007AE1EE /* Extensions */,
				BE4C33D32236A6BA007AE1EE /* SCNRecorder.h */,
				BE4C33D42236A6BA007AE1EE /* Info.plist */,
			);
			path = Source;
			sourceTree = "<group>";
		};
		BE4C33E22236A9BD007AE1EE /* Filter */ = {
			isa = PBXGroup;
			children = (
				BE4C33E42236A9D8007AE1EE /* Filter.swift */,
				BE4C33E62236AB6B007AE1EE /* SwappingFilter.swift */,
				BE4C33E82236AB78007AE1EE /* CompositeFilter.swift */,
				BE4C33EA2236AB88007AE1EE /* GeometryFilter.swift */,
				BE4C33EC2236AB99007AE1EE /* WatermarkFilter.swift */,
			);
			path = Filter;
			sourceTree = "<group>";
		};
		BE4C33EE2236B0C4007AE1EE /* Extensions */ = {
			isa = PBXGroup;
			children = (
				BE09E6AB23B94D900021FC32 /* CVPixelBuffer+Helpers.swift */,
				BE09E6AA23B94D900021FC32 /* CVPixelBufferPool+Factory.swift */,
				BE70C51D224641A500539893 /* MTLPixelFormat+Helpers.swift */,
				BE4C33EF2236B0E3007AE1EE /* AVCaptureSession+SCNRecorder.swift */,
				BE4C33F12236B0EA007AE1EE /* CIFilter+Helpers.swift */,
				BE7BE39523BF8FC500DB38B6 /* CIContext+Render.swift */,
				BE874AD123BFE79E00C0365E /* AVFileType+FilenameExtension.swift */,
			);
			path = Extensions;
			sourceTree = "<group>";
		};
		BE4C33FB2236B3F9007AE1EE /* InternalRecorder */ = {
			isa = PBXGroup;
			children = (
				BE4C33FC2236B412007AE1EE /* InternalRecorder.swift */,
			);
			path = InternalRecorder;
			sourceTree = "<group>";
		};
		BE4C34002236B4A8007AE1EE /* Helpers */ = {
			isa = PBXGroup;
			children = (
				BE09E69323B8FF610021FC32 /* Atomic.swift */,
				BE09E69523B8FF9C0021FC32 /* Lock.swift */,
				BE09E69723B902180021FC32 /* Property.swift */,
				BE09E6C023BA8DC40021FC32 /* API.swift */,
			);
			path = Helpers;
			sourceTree = "<group>";
		};
		BE4C34032236B5DD007AE1EE /* PixelBuffer */ = {
			isa = PBXGroup;
			children = (
				BE09E6A223B93EC10021FC32 /* PoolFactory */,
				BE09E6A323B93ED40021FC32 /* Producer */,
			);
			path = PixelBuffer;
			sourceTree = "<group>";
		};
		BE4C340A2236B657007AE1EE /* Consumers */ = {
			isa = PBXGroup;
			children = (
				BE4C340B2236B66C007AE1EE /* PixelBufferConsumer.swift */,
				BE4C340D2236B677007AE1EE /* AudioSampleBufferConsumer.swift */,
				BE4C34102236B6C1007AE1EE /* ImageRecorder */,
				BE4C340F2236B6BA007AE1EE /* VideoRecorder */,
			);
			path = Consumers;
			sourceTree = "<group>";
		};
		BE4C340F2236B6BA007AE1EE /* VideoRecorder */ = {
			isa = PBXGroup;
			children = (
				BE92DD33244C856B00FC12FA /* Additions */,
				BE4C34132236B6F0007AE1EE /* VideoRecorder.swift */,
			);
			path = VideoRecorder;
			sourceTree = "<group>";
		};
		BE4C34102236B6C1007AE1EE /* ImageRecorder */ = {
			isa = PBXGroup;
			children = (
				BE4C34112236B6E0007AE1EE /* ImageRecorder.swift */,
			);
			path = ImageRecorder;
			sourceTree = "<group>";
		};
		BE86D1C222395FA60047914A /* Recordable */ = {
			isa = PBXGroup;
			children = (
				BE09E6C223BA94F80021FC32 /* Recordable.swift */,
				BE86D1C022395F8D0047914A /* RecordableView.swift */,
				BE09E6BC23BA83EB0021FC32 /* RecordableLayer.swift */,
				BE09E6C823BABA700021FC32 /* SCNView+Recordable.swift */,
				BE09E6C423BAB70F0021FC32 /* Swizzling */,
				BE09E6C523BAB7160021FC32 /* Not-Swizzling */,
			);
			path = Recordable;
			sourceTree = "<group>";
		};
		BE92DD30244C842D00FC12FA /* Protocols */ = {
			isa = PBXGroup;
			children = (
				BE92DD31244C845200FC12FA /* TimeScalable.swift */,
			);
			path = Protocols;
			sourceTree = "<group>";
		};
		BE92DD33244C856B00FC12FA /* Additions */ = {
			isa = PBXGroup;
			children = (
				BE92DD28244C7CE200FC12FA /* VideoRecorder.AudioConfiguration.swift */,
				BE92DD36244C88EE00FC12FA /* VideoRecorder.AudioInput.swift */,
				BE92DD2E244C835100FC12FA /* VideoRecorder.AssterWriter.swift */,
				BE92DD34244C859A00FC12FA /* VideoRecorder.Error.swift */,
				BE92DD2C244C819400FC12FA /* VideoRecorder.PixelBufferAdaptor.swift */,
				BE4C34152236B6FE007AE1EE /* VideoRecorder.Recording.swift */,
				BE4C341D2236B73D007AE1EE /* VideoRecorder.State.swift */,
				BE92DD26244C7CC800FC12FA /* VideoRecorder.VideoConfiguration.swift */,
				BE92DD38244C890400FC12FA /* VideoRecorder.VideoInput.swift */,
			);
			path = Additions;
			sourceTree = "<group>";
		};
/* End PBXGroup section */

/* Begin PBXHeadersBuildPhase section */
		BE4C33CB2236A6BA007AE1EE /* Headers */ = {
			isa = PBXHeadersBuildPhase;
			buildActionMask = 2147483647;
			files = (
				BE4C33D52236A6BA007AE1EE /* SCNRecorder.h in Headers */,
			);
			runOnlyForDeploymentPostprocessing = 0;
		};
/* End PBXHeadersBuildPhase section */

/* Begin PBXNativeTarget section */
		BE4C33CF2236A6BA007AE1EE /* SCNRecorder */ = {
			isa = PBXNativeTarget;
			buildConfigurationList = BE4C33D82236A6BA007AE1EE /* Build configuration list for PBXNativeTarget "SCNRecorder" */;
			buildPhases = (
				BE4C33CB2236A6BA007AE1EE /* Headers */,
				BE4C33CC2236A6BA007AE1EE /* Sources */,
				BEB4BD40244CF01C00636CC9 /* Swiftlint */,
				BE4C33CD2236A6BA007AE1EE /* Frameworks */,
				BE4C33CE2236A6BA007AE1EE /* Resources */,
			);
			buildRules = (
			);
			dependencies = (
			);
			name = SCNRecorder;
			productName = SCNRecorder;
			productReference = BE4C33D02236A6BA007AE1EE /* SCNRecorder.framework */;
			productType = "com.apple.product-type.framework";
		};
/* End PBXNativeTarget section */

/* Begin PBXProject section */
		BE4C33C72236A6BA007AE1EE /* Project object */ = {
			isa = PBXProject;
			attributes = {
				LastUpgradeCheck = 1010;
				ORGANIZATIONNAME = "GORA Studio";
				TargetAttributes = {
					BE4C33CF2236A6BA007AE1EE = {
						CreatedOnToolsVersion = 10.1;
						LastSwiftMigration = 1130;
					};
				};
			};
			buildConfigurationList = BE4C33CA2236A6BA007AE1EE /* Build configuration list for PBXProject "SCNRecorder" */;
			compatibilityVersion = "Xcode 9.3";
			developmentRegion = en;
			hasScannedForEncodings = 0;
			knownRegions = (
				en,
				Base,
			);
			mainGroup = BE4C33C62236A6BA007AE1EE;
			productRefGroup = BE4C33D12236A6BA007AE1EE /* Products */;
			projectDirPath = "";
			projectRoot = "";
			targets = (
				BE4C33CF2236A6BA007AE1EE /* SCNRecorder */,
			);
		};
/* End PBXProject section */

/* Begin PBXResourcesBuildPhase section */
		BE4C33CE2236A6BA007AE1EE /* Resources */ = {
			isa = PBXResourcesBuildPhase;
			buildActionMask = 2147483647;
			files = (
				BE4C34262236C034007AE1EE /* LICENSE in Resources */,
				BE4C34242236BAB2007AE1EE /* README.md in Resources */,
			);
			runOnlyForDeploymentPostprocessing = 0;
		};
/* End PBXResourcesBuildPhase section */

/* Begin PBXShellScriptBuildPhase section */
		BEB4BD40244CF01C00636CC9 /* Swiftlint */ = {
			isa = PBXShellScriptBuildPhase;
			buildActionMask = 2147483647;
			files = (
			);
			inputFileListPaths = (
			);
			inputPaths = (
			);
			name = Swiftlint;
			outputFileListPaths = (
			);
			outputPaths = (
			);
			runOnlyForDeploymentPostprocessing = 0;
			shellPath = /bin/sh;
			shellScript = "if which swiftlint >/dev/null; then\n  swiftlint\nelse\n  echo \"warning: SwiftLint not installed, download from https://github.com/realm/SwiftLint\"\nfi\n";
			showEnvVarsInLog = 0;
		};
/* End PBXShellScriptBuildPhase section */

/* Begin PBXSourcesBuildPhase section */
		BE4C33CC2236A6BA007AE1EE /* Sources */ = {
			isa = PBXSourcesBuildPhase;
			buildActionMask = 2147483647;
			files = (
				BE09E6C923BABA700021FC32 /* SCNView+Recordable.swift in Sources */,
				BE92DD2D244C819400FC12FA /* VideoRecorder.PixelBufferAdaptor.swift in Sources */,
				BE4C340C2236B66C007AE1EE /* PixelBufferConsumer.swift in Sources */,
				BE4C341A2236B718007AE1EE /* SCNVideoRecording.swift in Sources */,
				BE92DD35244C859A00FC12FA /* VideoRecorder.Error.swift in Sources */,
				BE4C33E52236A9D8007AE1EE /* Filter.swift in Sources */,
				BE4C33DC2236A7AB007AE1EE /* SCNRecorder.swift in Sources */,
				BE4C33EB2236AB88007AE1EE /* GeometryFilter.swift in Sources */,
				BE92DD32244C845200FC12FA /* TimeScalable.swift in Sources */,
				BE70C51E224641A500539893 /* MTLPixelFormat+Helpers.swift in Sources */,
				BE09E69A23B910260021FC32 /* SCNRecorder.AudioAdapter.swift in Sources */,
				BE4C341E2236B73D007AE1EE /* VideoRecorder.State.swift in Sources */,
				BE92DD2F244C835100FC12FA /* VideoRecorder.AssterWriter.swift in Sources */,
				BE4C33FD2236B412007AE1EE /* InternalRecorder.swift in Sources */,
				BE09E6BD23BA83EB0021FC32 /* RecordableLayer.swift in Sources */,
				BE4C33F02236B0E3007AE1EE /* AVCaptureSession+SCNRecorder.swift in Sources */,
				BE4C34162236B6FE007AE1EE /* VideoRecorder.Recording.swift in Sources */,
				BE7BE39723BF91F300DB38B6 /* CVPixelBuffer+Helpers.swift in Sources */,
				BE09E6AC23B94D900021FC32 /* CVPixelBufferPool+Factory.swift in Sources */,
				BE4C33F22236B0EA007AE1EE /* CIFilter+Helpers.swift in Sources */,
				BE09E69823B902180021FC32 /* Property.swift in Sources */,
				BE7BE39623BF8FC500DB38B6 /* CIContext+Render.swift in Sources */,
				BE874AD223BFE79E00C0365E /* AVFileType+FilenameExtension.swift in Sources */,
				BE4C33F72236B22F007AE1EE /* ARSCNRecordableView.swift in Sources */,
				BE92DD39244C890400FC12FA /* VideoRecorder.VideoInput.swift in Sources */,
				BE4C33ED2236AB99007AE1EE /* WatermarkFilter.swift in Sources */,
				BE4C33E72236AB6B007AE1EE /* SwappingFilter.swift in Sources */,
				BE92DD37244C88EE00FC12FA /* VideoRecorder.AudioInput.swift in Sources */,
				BE09E6C123BA8DC40021FC32 /* API.swift in Sources */,
				BE09E69623B8FF9C0021FC32 /* Lock.swift in Sources */,
				BE09E6C323BA94F80021FC32 /* Recordable.swift in Sources */,
				BE4C34092236B615007AE1EE /* EAGLPixelBufferProducer.swift in Sources */,
				BE4C33F52236B21B007AE1EE /* SCNRecordableView.swift in Sources */,
				BE4C34072236B600007AE1EE /* MetalPixelBufferProducer.swift in Sources */,
				BE09E69423B8FF610021FC32 /* Atomic.swift in Sources */,
				BE4C33FA2236B326007AE1EE /* CAMetalRecordableLayer.swift in Sources */,
				BE86D1C122395F8D0047914A /* RecordableView.swift in Sources */,
				BE4C34142236B6F0007AE1EE /* VideoRecorder.swift in Sources */,
				BE92DD27244C7CC800FC12FA /* VideoRecorder.VideoConfiguration.swift in Sources */,
				BE92DD29244C7CE200FC12FA /* VideoRecorder.AudioConfiguration.swift in Sources */,
				BE4C34122236B6E0007AE1EE /* ImageRecorder.swift in Sources */,
				BE09E6B623BA76D20021FC32 /* CAMetalLayer+RecordableLayer.swift in Sources */,
				BE09E6B423BA76570021FC32 /* SCNView+RecordableView.swift in Sources */,
				BE4C340E2236B677007AE1EE /* AudioSampleBufferConsumer.swift in Sources */,
				BE09E6A523B93EF30021FC32 /* PixelBufferPoolFactory.swift in Sources */,
				BE4C34052236B5F5007AE1EE /* PixelBufferProducer.swift in Sources */,
				BE4C33E92236AB78007AE1EE /* CompositeFilter.swift in Sources */,
			);
			runOnlyForDeploymentPostprocessing = 0;
		};
/* End PBXSourcesBuildPhase section */

/* Begin XCBuildConfiguration section */
		BE4C33D62236A6BA007AE1EE /* Debug */ = {
			isa = XCBuildConfiguration;
			buildSettings = {
				ALWAYS_SEARCH_USER_PATHS = NO;
				CLANG_ANALYZER_NONNULL = YES;
				CLANG_ANALYZER_NUMBER_OBJECT_CONVERSION = YES_AGGRESSIVE;
				CLANG_CXX_LANGUAGE_STANDARD = "gnu++14";
				CLANG_CXX_LIBRARY = "libc++";
				CLANG_ENABLE_MODULES = YES;
				CLANG_ENABLE_OBJC_ARC = YES;
				CLANG_ENABLE_OBJC_WEAK = YES;
				CLANG_WARN_BLOCK_CAPTURE_AUTORELEASING = YES;
				CLANG_WARN_BOOL_CONVERSION = YES;
				CLANG_WARN_COMMA = YES;
				CLANG_WARN_CONSTANT_CONVERSION = YES;
				CLANG_WARN_DEPRECATED_OBJC_IMPLEMENTATIONS = YES;
				CLANG_WARN_DIRECT_OBJC_ISA_USAGE = YES_ERROR;
				CLANG_WARN_DOCUMENTATION_COMMENTS = YES;
				CLANG_WARN_EMPTY_BODY = YES;
				CLANG_WARN_ENUM_CONVERSION = YES;
				CLANG_WARN_INFINITE_RECURSION = YES;
				CLANG_WARN_INT_CONVERSION = YES;
				CLANG_WARN_NON_LITERAL_NULL_CONVERSION = YES;
				CLANG_WARN_OBJC_IMPLICIT_RETAIN_SELF = YES;
				CLANG_WARN_OBJC_LITERAL_CONVERSION = YES;
				CLANG_WARN_OBJC_ROOT_CLASS = YES_ERROR;
				CLANG_WARN_RANGE_LOOP_ANALYSIS = YES;
				CLANG_WARN_STRICT_PROTOTYPES = YES;
				CLANG_WARN_SUSPICIOUS_MOVE = YES;
				CLANG_WARN_UNGUARDED_AVAILABILITY = YES_AGGRESSIVE;
				CLANG_WARN_UNREACHABLE_CODE = YES;
				CLANG_WARN__DUPLICATE_METHOD_MATCH = YES;
				CODE_SIGN_IDENTITY = "iPhone Developer";
				COPY_PHASE_STRIP = NO;
				CURRENT_PROJECT_VERSION = 1;
				DEBUG_INFORMATION_FORMAT = dwarf;
				ENABLE_STRICT_OBJC_MSGSEND = YES;
				ENABLE_TESTABILITY = YES;
				GCC_C_LANGUAGE_STANDARD = gnu11;
				GCC_DYNAMIC_NO_PIC = NO;
				GCC_NO_COMMON_BLOCKS = YES;
				GCC_OPTIMIZATION_LEVEL = 0;
				GCC_PREPROCESSOR_DEFINITIONS = (
					"DEBUG=1",
					"GLES_SILENCE_DEPRECATION=1",
					"$(inherited)",
				);
				GCC_WARN_64_TO_32_BIT_CONVERSION = YES;
				GCC_WARN_ABOUT_RETURN_TYPE = YES_ERROR;
				GCC_WARN_UNDECLARED_SELECTOR = YES;
				GCC_WARN_UNINITIALIZED_AUTOS = YES_AGGRESSIVE;
				GCC_WARN_UNUSED_FUNCTION = YES;
				GCC_WARN_UNUSED_VARIABLE = YES;
				IPHONEOS_DEPLOYMENT_TARGET = 11.0;
				MTL_ENABLE_DEBUG_INFO = INCLUDE_SOURCE;
				MTL_FAST_MATH = YES;
				ONLY_ACTIVE_ARCH = YES;
				SDKROOT = iphoneos;
				SWIFT_ACTIVE_COMPILATION_CONDITIONS = DEBUG;
				SWIFT_OPTIMIZATION_LEVEL = "-Onone";
				VERSIONING_SYSTEM = "apple-generic";
				VERSION_INFO_PREFIX = "";
			};
			name = Debug;
		};
		BE4C33D72236A6BA007AE1EE /* Release */ = {
			isa = XCBuildConfiguration;
			buildSettings = {
				ALWAYS_SEARCH_USER_PATHS = NO;
				CLANG_ANALYZER_NONNULL = YES;
				CLANG_ANALYZER_NUMBER_OBJECT_CONVERSION = YES_AGGRESSIVE;
				CLANG_CXX_LANGUAGE_STANDARD = "gnu++14";
				CLANG_CXX_LIBRARY = "libc++";
				CLANG_ENABLE_MODULES = YES;
				CLANG_ENABLE_OBJC_ARC = YES;
				CLANG_ENABLE_OBJC_WEAK = YES;
				CLANG_WARN_BLOCK_CAPTURE_AUTORELEASING = YES;
				CLANG_WARN_BOOL_CONVERSION = YES;
				CLANG_WARN_COMMA = YES;
				CLANG_WARN_CONSTANT_CONVERSION = YES;
				CLANG_WARN_DEPRECATED_OBJC_IMPLEMENTATIONS = YES;
				CLANG_WARN_DIRECT_OBJC_ISA_USAGE = YES_ERROR;
				CLANG_WARN_DOCUMENTATION_COMMENTS = YES;
				CLANG_WARN_EMPTY_BODY = YES;
				CLANG_WARN_ENUM_CONVERSION = YES;
				CLANG_WARN_INFINITE_RECURSION = YES;
				CLANG_WARN_INT_CONVERSION = YES;
				CLANG_WARN_NON_LITERAL_NULL_CONVERSION = YES;
				CLANG_WARN_OBJC_IMPLICIT_RETAIN_SELF = YES;
				CLANG_WARN_OBJC_LITERAL_CONVERSION = YES;
				CLANG_WARN_OBJC_ROOT_CLASS = YES_ERROR;
				CLANG_WARN_RANGE_LOOP_ANALYSIS = YES;
				CLANG_WARN_STRICT_PROTOTYPES = YES;
				CLANG_WARN_SUSPICIOUS_MOVE = YES;
				CLANG_WARN_UNGUARDED_AVAILABILITY = YES_AGGRESSIVE;
				CLANG_WARN_UNREACHABLE_CODE = YES;
				CLANG_WARN__DUPLICATE_METHOD_MATCH = YES;
				CODE_SIGN_IDENTITY = "iPhone Developer";
				COPY_PHASE_STRIP = NO;
				CURRENT_PROJECT_VERSION = 1;
				DEBUG_INFORMATION_FORMAT = "dwarf-with-dsym";
				ENABLE_NS_ASSERTIONS = NO;
				ENABLE_STRICT_OBJC_MSGSEND = YES;
				GCC_C_LANGUAGE_STANDARD = gnu11;
				GCC_NO_COMMON_BLOCKS = YES;
				GCC_PREPROCESSOR_DEFINITIONS = "GLES_SILENCE_DEPRECATION=1";
				GCC_WARN_64_TO_32_BIT_CONVERSION = YES;
				GCC_WARN_ABOUT_RETURN_TYPE = YES_ERROR;
				GCC_WARN_UNDECLARED_SELECTOR = YES;
				GCC_WARN_UNINITIALIZED_AUTOS = YES_AGGRESSIVE;
				GCC_WARN_UNUSED_FUNCTION = YES;
				GCC_WARN_UNUSED_VARIABLE = YES;
				IPHONEOS_DEPLOYMENT_TARGET = 11.0;
				MTL_ENABLE_DEBUG_INFO = NO;
				MTL_FAST_MATH = YES;
				SDKROOT = iphoneos;
				SWIFT_COMPILATION_MODE = wholemodule;
				SWIFT_OPTIMIZATION_LEVEL = "-O";
				VALIDATE_PRODUCT = YES;
				VERSIONING_SYSTEM = "apple-generic";
				VERSION_INFO_PREFIX = "";
			};
			name = Release;
		};
		BE4C33D92236A6BA007AE1EE /* Debug */ = {
			isa = XCBuildConfiguration;
			buildSettings = {
				CLANG_ENABLE_MODULES = YES;
				CODE_SIGN_IDENTITY = "";
				CODE_SIGN_STYLE = Automatic;
				DEFINES_MODULE = YES;
				DYLIB_COMPATIBILITY_VERSION = 1;
				DYLIB_CURRENT_VERSION = 1;
				DYLIB_INSTALL_NAME_BASE = "@rpath";
				INFOPLIST_FILE = Source/Info.plist;
				INSTALL_PATH = "$(LOCAL_LIBRARY_DIR)/Frameworks";
				LD_RUNPATH_SEARCH_PATHS = (
					"$(inherited)",
					"@executable_path/Frameworks",
					"@loader_path/Frameworks",
				);
				MARKETING_VERSION = 1.1.0;
				PRODUCT_BUNDLE_IDENTIFIER = gora.studio.SCNRecorder;
				PRODUCT_NAME = "$(TARGET_NAME:c99extidentifier)";
				SKIP_INSTALL = YES;
				SWIFT_OPTIMIZATION_LEVEL = "-Onone";
				SWIFT_VERSION = 5.0;
				TARGETED_DEVICE_FAMILY = "1,2";
			};
			name = Debug;
		};
		BE4C33DA2236A6BA007AE1EE /* Release */ = {
			isa = XCBuildConfiguration;
			buildSettings = {
				CLANG_ENABLE_MODULES = YES;
				CODE_SIGN_IDENTITY = "";
				CODE_SIGN_STYLE = Automatic;
				DEFINES_MODULE = YES;
				DYLIB_COMPATIBILITY_VERSION = 1;
				DYLIB_CURRENT_VERSION = 1;
				DYLIB_INSTALL_NAME_BASE = "@rpath";
				INFOPLIST_FILE = Source/Info.plist;
				INSTALL_PATH = "$(LOCAL_LIBRARY_DIR)/Frameworks";
				LD_RUNPATH_SEARCH_PATHS = (
					"$(inherited)",
					"@executable_path/Frameworks",
					"@loader_path/Frameworks",
				);
				MARKETING_VERSION = 1.1.0;
				PRODUCT_BUNDLE_IDENTIFIER = gora.studio.SCNRecorder;
				PRODUCT_NAME = "$(TARGET_NAME:c99extidentifier)";
				SKIP_INSTALL = YES;
				SWIFT_VERSION = 5.0;
				TARGETED_DEVICE_FAMILY = "1,2";
			};
			name = Release;
		};
/* End XCBuildConfiguration section */

/* Begin XCConfigurationList section */
		BE4C33CA2236A6BA007AE1EE /* Build configuration list for PBXProject "SCNRecorder" */ = {
			isa = XCConfigurationList;
			buildConfigurations = (
				BE4C33D62236A6BA007AE1EE /* Debug */,
				BE4C33D72236A6BA007AE1EE /* Release */,
			);
			defaultConfigurationIsVisible = 0;
			defaultConfigurationName = Release;
		};
		BE4C33D82236A6BA007AE1EE /* Build configuration list for PBXNativeTarget "SCNRecorder" */ = {
			isa = XCConfigurationList;
			buildConfigurations = (
				BE4C33D92236A6BA007AE1EE /* Debug */,
				BE4C33DA2236A6BA007AE1EE /* Release */,
			);
			defaultConfigurationIsVisible = 0;
			defaultConfigurationName = Release;
		};
/* End XCConfigurationList section */
	};
	rootObject = BE4C33C72236A6BA007AE1EE /* Project object */;
}
