// !$*UTF8*$!
{
	archiveVersion = 1;
	classes = {
	};
	objectVersion = 51;
	objects = {

/* Begin PBXBuildFile section */
		A554BD4E5634089DE7C87680 /* Pods_Example.framework in Frameworks */ = {isa = PBXBuildFile; fileRef = B146DF3411AE9F05176569E6 /* Pods_Example.framework */; };
		BE3FF70A24713FBF00BD3589 /* .swiftlint.yml in Resources */ = {isa = PBXBuildFile; fileRef = BE3FF70924713FBF00BD3589 /* .swiftlint.yml */; };
		BE4C34712237C827007AE1EE /* AppDelegate.swift in Sources */ = {isa = PBXBuildFile; fileRef = BE4C34702237C827007AE1EE /* AppDelegate.swift */; };
		BE4C34732237C827007AE1EE /* art.scnassets in Resources */ = {isa = PBXBuildFile; fileRef = BE4C34722237C827007AE1EE /* art.scnassets */; };
		BE4C34752237C827007AE1EE /* ARSCNViewController.swift in Sources */ = {isa = PBXBuildFile; fileRef = BE4C34742237C827007AE1EE /* ARSCNViewController.swift */; };
		BE4C34782237C827007AE1EE /* Main.storyboard in Resources */ = {isa = PBXBuildFile; fileRef = BE4C34762237C827007AE1EE /* Main.storyboard */; };
		BE4C347A2237C828007AE1EE /* Assets.xcassets in Resources */ = {isa = PBXBuildFile; fileRef = BE4C34792237C828007AE1EE /* Assets.xcassets */; };
		BE4C347D2237C828007AE1EE /* LaunchScreen.storyboard in Resources */ = {isa = PBXBuildFile; fileRef = BE4C347B2237C828007AE1EE /* LaunchScreen.storyboard */; };
		BE4C34902237CA8E007AE1EE /* PhotoPreviewController.swift in Sources */ = {isa = PBXBuildFile; fileRef = BE4C348F2237CA8E007AE1EE /* PhotoPreviewController.swift */; };
		BE79CB5A22CA4BD6006058AA /* SCNViewController.swift in Sources */ = {isa = PBXBuildFile; fileRef = BE79CB5922CA4BD6006058AA /* SCNViewController.swift */; };
		BE79CB5C22CA4CE1006058AA /* ViewController.swift in Sources */ = {isa = PBXBuildFile; fileRef = BE79CB5B22CA4CE1006058AA /* ViewController.swift */; };
		D5A4065824EB14580022600D /* ARView+SelfSceneRecordable.swift in Sources */ = {isa = PBXBuildFile; fileRef = D5A4065624EB14580022600D /* ARView+SelfSceneRecordable.swift */; };
		D5A4065924EB14580022600D /* ARView+MetalRecordable.swift in Sources */ = {isa = PBXBuildFile; fileRef = D5A4065724EB14580022600D /* ARView+MetalRecordable.swift */; };
		D5A4066024EB1A920022600D /* Experience.rcproject in Sources */ = {isa = PBXBuildFile; fileRef = D5A4065F24EB1A920022600D /* Experience.rcproject */; };
		D5A4066224EB1A9D0022600D /* ARViewController.swift in Sources */ = {isa = PBXBuildFile; fileRef = D5A4066124EB1A9D0022600D /* ARViewController.swift */; };
/* End PBXBuildFile section */

/* Begin PBXCopyFilesBuildPhase section */
		BE4C348E2237C843007AE1EE /* Embed Frameworks */ = {
			isa = PBXCopyFilesBuildPhase;
			buildActionMask = 2147483647;
			dstPath = "";
			dstSubfolderSpec = 10;
			files = (
			);
			name = "Embed Frameworks";
			runOnlyForDeploymentPostprocessing = 0;
		};
/* End PBXCopyFilesBuildPhase section */

/* Begin PBXFileReference section */
		11657E9C06D4DACB4FB90595 /* Pods-Example.release.xcconfig */ = {isa = PBXFileReference; includeInIndex = 1; lastKnownFileType = text.xcconfig; name = "Pods-Example.release.xcconfig"; path = "Target Support Files/Pods-Example/Pods-Example.release.xcconfig"; sourceTree = "<group>"; };
		B146DF3411AE9F05176569E6 /* Pods_Example.framework */ = {isa = PBXFileReference; explicitFileType = wrapper.framework; includeInIndex = 0; path = Pods_Example.framework; sourceTree = BUILT_PRODUCTS_DIR; };
		BE3FF70924713FBF00BD3589 /* .swiftlint.yml */ = {isa = PBXFileReference; fileEncoding = 4; lastKnownFileType = text.yaml; name = .swiftlint.yml; path = Source/.swiftlint.yml; sourceTree = SOURCE_ROOT; };
		BE4C346D2237C827007AE1EE /* Example.app */ = {isa = PBXFileReference; explicitFileType = wrapper.application; includeInIndex = 0; path = Example.app; sourceTree = BUILT_PRODUCTS_DIR; };
		BE4C34702237C827007AE1EE /* AppDelegate.swift */ = {isa = PBXFileReference; lastKnownFileType = sourcecode.swift; path = AppDelegate.swift; sourceTree = "<group>"; };
		BE4C34722237C827007AE1EE /* art.scnassets */ = {isa = PBXFileReference; lastKnownFileType = wrapper.scnassets; path = art.scnassets; sourceTree = "<group>"; };
		BE4C34742237C827007AE1EE /* ARSCNViewController.swift */ = {isa = PBXFileReference; lastKnownFileType = sourcecode.swift; path = ARSCNViewController.swift; sourceTree = "<group>"; };
		BE4C34772237C827007AE1EE /* Base */ = {isa = PBXFileReference; lastKnownFileType = file.storyboard; name = Base; path = Base.lproj/Main.storyboard; sourceTree = "<group>"; };
		BE4C34792237C828007AE1EE /* Assets.xcassets */ = {isa = PBXFileReference; lastKnownFileType = folder.assetcatalog; path = Assets.xcassets; sourceTree = "<group>"; };
		BE4C347C2237C828007AE1EE /* Base */ = {isa = PBXFileReference; lastKnownFileType = file.storyboard; name = Base; path = Base.lproj/LaunchScreen.storyboard; sourceTree = "<group>"; };
		BE4C347E2237C828007AE1EE /* Info.plist */ = {isa = PBXFileReference; lastKnownFileType = text.plist.xml; path = Info.plist; sourceTree = "<group>"; };
		BE4C348F2237CA8E007AE1EE /* PhotoPreviewController.swift */ = {isa = PBXFileReference; lastKnownFileType = sourcecode.swift; path = PhotoPreviewController.swift; sourceTree = "<group>"; };
		BE79CB5922CA4BD6006058AA /* SCNViewController.swift */ = {isa = PBXFileReference; lastKnownFileType = sourcecode.swift; path = SCNViewController.swift; sourceTree = "<group>"; };
		BE79CB5B22CA4CE1006058AA /* ViewController.swift */ = {isa = PBXFileReference; lastKnownFileType = sourcecode.swift; path = ViewController.swift; sourceTree = "<group>"; };
		CF44D5BD33FC34CA5640272A /* Pods-Example.debug.xcconfig */ = {isa = PBXFileReference; includeInIndex = 1; lastKnownFileType = text.xcconfig; name = "Pods-Example.debug.xcconfig"; path = "Target Support Files/Pods-Example/Pods-Example.debug.xcconfig"; sourceTree = "<group>"; };
		D5A4065624EB14580022600D /* ARView+SelfSceneRecordable.swift */ = {isa = PBXFileReference; lastKnownFileType = sourcecode.swift; path = "ARView+SelfSceneRecordable.swift"; sourceTree = "<group>"; };
		D5A4065724EB14580022600D /* ARView+MetalRecordable.swift */ = {isa = PBXFileReference; lastKnownFileType = sourcecode.swift; path = "ARView+MetalRecordable.swift"; sourceTree = "<group>"; };
		D5A4065F24EB1A920022600D /* Experience.rcproject */ = {isa = PBXFileReference; lastKnownFileType = file.rcproject; path = Experience.rcproject; sourceTree = "<group>"; };
		D5A4066124EB1A9D0022600D /* ARViewController.swift */ = {isa = PBXFileReference; fileEncoding = 4; lastKnownFileType = sourcecode.swift; path = ARViewController.swift; sourceTree = "<group>"; };
/* End PBXFileReference section */

/* Begin PBXFrameworksBuildPhase section */
		BE4C346A2237C827007AE1EE /* Frameworks */ = {
			isa = PBXFrameworksBuildPhase;
			buildActionMask = 2147483647;
			files = (
				A554BD4E5634089DE7C87680 /* Pods_Example.framework in Frameworks */,
			);
			runOnlyForDeploymentPostprocessing = 0;
		};
/* End PBXFrameworksBuildPhase section */

/* Begin PBXGroup section */
		263E7F7A247F6BF8E5379525 /* Frameworks */ = {
			isa = PBXGroup;
			children = (
				B146DF3411AE9F05176569E6 /* Pods_Example.framework */,
			);
			name = Frameworks;
			sourceTree = "<group>";
		};
		A9B2BF849BF431AA9054DBFF /* Pods */ = {
			isa = PBXGroup;
			children = (
				CF44D5BD33FC34CA5640272A /* Pods-Example.debug.xcconfig */,
				11657E9C06D4DACB4FB90595 /* Pods-Example.release.xcconfig */,
			);
			path = Pods;
			sourceTree = "<group>";
		};
		BE4C079A247B40C70008AA5E /* Resources */ = {
			isa = PBXGroup;
			children = (
				D5A4065F24EB1A920022600D /* Experience.rcproject */,
				BE4C34722237C827007AE1EE /* art.scnassets */,
				BE4C34792237C828007AE1EE /* Assets.xcassets */,
				BE4C34762237C827007AE1EE /* Main.storyboard */,
				BE4C347B2237C828007AE1EE /* LaunchScreen.storyboard */,
			);
			path = Resources;
			sourceTree = "<group>";
		};
		BE4C079B247B41730008AA5E /* Supporting Files */ = {
			isa = PBXGroup;
			children = (
				BE3FF70924713FBF00BD3589 /* .swiftlint.yml */,
				BE4C347E2237C828007AE1EE /* Info.plist */,
			);
			name = "Supporting Files";
			sourceTree = "<group>";
		};
		BE4C34642237C827007AE1EE = {
			isa = PBXGroup;
			children = (
				BE4C346F2237C827007AE1EE /* Source */,
				BE4C346E2237C827007AE1EE /* Products */,
				A9B2BF849BF431AA9054DBFF /* Pods */,
				263E7F7A247F6BF8E5379525 /* Frameworks */,
			);
			indentWidth = 2;
			sourceTree = "<group>";
			tabWidth = 2;
		};
		BE4C346E2237C827007AE1EE /* Products */ = {
			isa = PBXGroup;
			children = (
				BE4C346D2237C827007AE1EE /* Example.app */,
			);
			name = Products;
			sourceTree = "<group>";
		};
		BE4C346F2237C827007AE1EE /* Source */ = {
			isa = PBXGroup;
			children = (
				BE4C34702237C827007AE1EE /* AppDelegate.swift */,
				BE4C34742237C827007AE1EE /* ARSCNViewController.swift */,
				BE79CB5922CA4BD6006058AA /* SCNViewController.swift */,
				BE79CB5B22CA4CE1006058AA /* ViewController.swift */,
				BE4C348F2237CA8E007AE1EE /* PhotoPreviewController.swift */,
				D5399414250F90C900537276 /* RealityKit */,
				BE4C079A247B40C70008AA5E /* Resources */,
				BE4C079B247B41730008AA5E /* Supporting Files */,
			);
			path = Source;
			sourceTree = "<group>";
		};
		D5399414250F90C900537276 /* RealityKit */ = {
			isa = PBXGroup;
			children = (
				D5A4066124EB1A9D0022600D /* ARViewController.swift */,
				D5A4065724EB14580022600D /* ARView+MetalRecordable.swift */,
				D5A4065624EB14580022600D /* ARView+SelfSceneRecordable.swift */,
			);
			path = RealityKit;
			sourceTree = "<group>";
		};
/* End PBXGroup section */

/* Begin PBXNativeTarget section */
		BE4C346C2237C827007AE1EE /* Example */ = {
			isa = PBXNativeTarget;
			buildConfigurationList = BE4C34812237C828007AE1EE /* Build configuration list for PBXNativeTarget "Example" */;
			buildPhases = (
				913DC27B8BC6024066623185 /* [CP] Check Pods Manifest.lock */,
				BE4C34692237C827007AE1EE /* Sources */,
				BE4C346A2237C827007AE1EE /* Frameworks */,
				BE4C346B2237C827007AE1EE /* Resources */,
				BE4C348E2237C843007AE1EE /* Embed Frameworks */,
				EDDED072E064DC7CA0B08D2E /* [CP] Embed Pods Frameworks */,
			);
			buildRules = (
			);
			dependencies = (
			);
			name = Example;
			productName = Example;
			productReference = BE4C346D2237C827007AE1EE /* Example.app */;
			productType = "com.apple.product-type.application";
		};
/* End PBXNativeTarget section */

/* Begin PBXProject section */
		BE4C34652237C827007AE1EE /* Project object */ = {
			isa = PBXProject;
			attributes = {
				LastSwiftUpdateCheck = 1010;
				LastUpgradeCheck = 1210;
				ORGANIZATIONNAME = "GORA Studio";
				TargetAttributes = {
					BE4C346C2237C827007AE1EE = {
						CreatedOnToolsVersion = 10.1;
						LastSwiftMigration = 1130;
					};
				};
			};
			buildConfigurationList = BE4C34682237C827007AE1EE /* Build configuration list for PBXProject "Example" */;
			compatibilityVersion = "Xcode 9.3";
			developmentRegion = en;
			hasScannedForEncodings = 0;
			knownRegions = (
				en,
				Base,
			);
			mainGroup = BE4C34642237C827007AE1EE;
			productRefGroup = BE4C346E2237C827007AE1EE /* Products */;
			projectDirPath = "";
			projectRoot = "";
			targets = (
				BE4C346C2237C827007AE1EE /* Example */,
			);
		};
/* End PBXProject section */

/* Begin PBXResourcesBuildPhase section */
		BE4C346B2237C827007AE1EE /* Resources */ = {
			isa = PBXResourcesBuildPhase;
			buildActionMask = 2147483647;
			files = (
				BE3FF70A24713FBF00BD3589 /* .swiftlint.yml in Resources */,
				BE4C34732237C827007AE1EE /* art.scnassets in Resources */,
				BE4C347D2237C828007AE1EE /* LaunchScreen.storyboard in Resources */,
				BE4C347A2237C828007AE1EE /* Assets.xcassets in Resources */,
				BE4C34782237C827007AE1EE /* Main.storyboard in Resources */,
			);
			runOnlyForDeploymentPostprocessing = 0;
		};
/* End PBXResourcesBuildPhase section */

/* Begin PBXShellScriptBuildPhase section */
		913DC27B8BC6024066623185 /* [CP] Check Pods Manifest.lock */ = {
			isa = PBXShellScriptBuildPhase;
			buildActionMask = 2147483647;
			files = (
			);
			inputFileListPaths = (
			);
			inputPaths = (
				"${PODS_PODFILE_DIR_PATH}/Podfile.lock",
				"${PODS_ROOT}/Manifest.lock",
			);
			name = "[CP] Check Pods Manifest.lock";
			outputFileListPaths = (
			);
			outputPaths = (
				"$(DERIVED_FILE_DIR)/Pods-Example-checkManifestLockResult.txt",
			);
			runOnlyForDeploymentPostprocessing = 0;
			shellPath = /bin/sh;
			shellScript = "diff \"${PODS_PODFILE_DIR_PATH}/Podfile.lock\" \"${PODS_ROOT}/Manifest.lock\" > /dev/null\nif [ $? != 0 ] ; then\n    # print error to STDERR\n    echo \"error: The sandbox is not in sync with the Podfile.lock. Run 'pod install' or update your CocoaPods installation.\" >&2\n    exit 1\nfi\n# This output is used by Xcode 'outputs' to avoid re-running this script phase.\necho \"SUCCESS\" > \"${SCRIPT_OUTPUT_FILE_0}\"\n";
			showEnvVarsInLog = 0;
		};
		EDDED072E064DC7CA0B08D2E /* [CP] Embed Pods Frameworks */ = {
			isa = PBXShellScriptBuildPhase;
			buildActionMask = 2147483647;
			files = (
			);
			inputFileListPaths = (
				"${PODS_ROOT}/Target Support Files/Pods-Example/Pods-Example-frameworks-${CONFIGURATION}-input-files.xcfilelist",
			);
			name = "[CP] Embed Pods Frameworks";
			outputFileListPaths = (
				"${PODS_ROOT}/Target Support Files/Pods-Example/Pods-Example-frameworks-${CONFIGURATION}-output-files.xcfilelist",
			);
			runOnlyForDeploymentPostprocessing = 0;
			shellPath = /bin/sh;
			shellScript = "\"${PODS_ROOT}/Target Support Files/Pods-Example/Pods-Example-frameworks.sh\"\n";
			showEnvVarsInLog = 0;
		};
/* End PBXShellScriptBuildPhase section */

/* Begin PBXSourcesBuildPhase section */
		BE4C34692237C827007AE1EE /* Sources */ = {
			isa = PBXSourcesBuildPhase;
			buildActionMask = 2147483647;
			files = (
				BE79CB5C22CA4CE1006058AA /* ViewController.swift in Sources */,
				BE4C34752237C827007AE1EE /* ARSCNViewController.swift in Sources */,
				BE79CB5A22CA4BD6006058AA /* SCNViewController.swift in Sources */,
				D5A4065924EB14580022600D /* ARView+MetalRecordable.swift in Sources */,
				D5A4066024EB1A920022600D /* Experience.rcproject in Sources */,
				BE4C34712237C827007AE1EE /* AppDelegate.swift in Sources */,
				BE4C34902237CA8E007AE1EE /* PhotoPreviewController.swift in Sources */,
				D5A4066224EB1A9D0022600D /* ARViewController.swift in Sources */,
				D5A4065824EB14580022600D /* ARView+SelfSceneRecordable.swift in Sources */,
			);
			runOnlyForDeploymentPostprocessing = 0;
		};
/* End PBXSourcesBuildPhase section */

/* Begin PBXVariantGroup section */
		BE4C34762237C827007AE1EE /* Main.storyboard */ = {
			isa = PBXVariantGroup;
			children = (
				BE4C34772237C827007AE1EE /* Base */,
			);
			name = Main.storyboard;
			sourceTree = "<group>";
		};
		BE4C347B2237C828007AE1EE /* LaunchScreen.storyboard */ = {
			isa = PBXVariantGroup;
			children = (
				BE4C347C2237C828007AE1EE /* Base */,
			);
			name = LaunchScreen.storyboard;
			sourceTree = "<group>";
		};
/* End PBXVariantGroup section */

/* Begin XCBuildConfiguration section */
		BE4C347F2237C828007AE1EE /* Debug */ = {
			isa = XCBuildConfiguration;
			buildSettings = {
				ALWAYS_SEARCH_USER_PATHS = NO;
				CLANG_ANALYZER_NONNULL = YES;
				CLANG_ANALYZER_NUMBER_OBJECT_CONVERSION = YES_AGGRESSIVE;
				CLANG_CXX_LANGUAGE_STANDARD = "gnu++14";
				CLANG_CXX_LIBRARY = "libc++";
				CLANG_ENABLE_MODULES = YES;
				CLANG_ENABLE_OBJC_ARC = YES;
				CLANG_ENABLE_OBJC_WEAK = YES;
				CLANG_WARN_BLOCK_CAPTURE_AUTORELEASING = YES;
				CLANG_WARN_BOOL_CONVERSION = YES;
				CLANG_WARN_COMMA = YES;
				CLANG_WARN_CONSTANT_CONVERSION = YES;
				CLANG_WARN_DEPRECATED_OBJC_IMPLEMENTATIONS = YES;
				CLANG_WARN_DIRECT_OBJC_ISA_USAGE = YES_ERROR;
				CLANG_WARN_DOCUMENTATION_COMMENTS = YES;
				CLANG_WARN_EMPTY_BODY = YES;
				CLANG_WARN_ENUM_CONVERSION = YES;
				CLANG_WARN_INFINITE_RECURSION = YES;
				CLANG_WARN_INT_CONVERSION = YES;
				CLANG_WARN_NON_LITERAL_NULL_CONVERSION = YES;
				CLANG_WARN_OBJC_IMPLICIT_RETAIN_SELF = YES;
				CLANG_WARN_OBJC_LITERAL_CONVERSION = YES;
				CLANG_WARN_OBJC_ROOT_CLASS = YES_ERROR;
				CLANG_WARN_QUOTED_INCLUDE_IN_FRAMEWORK_HEADER = YES;
				CLANG_WARN_RANGE_LOOP_ANALYSIS = YES;
				CLANG_WARN_STRICT_PROTOTYPES = YES;
				CLANG_WARN_SUSPICIOUS_MOVE = YES;
				CLANG_WARN_UNGUARDED_AVAILABILITY = YES_AGGRESSIVE;
				CLANG_WARN_UNREACHABLE_CODE = YES;
				CLANG_WARN__DUPLICATE_METHOD_MATCH = YES;
				CODE_SIGN_IDENTITY = "iPhone Developer";
				COPY_PHASE_STRIP = NO;
				DEBUG_INFORMATION_FORMAT = dwarf;
				ENABLE_STRICT_OBJC_MSGSEND = YES;
				ENABLE_TESTABILITY = YES;
				GCC_C_LANGUAGE_STANDARD = gnu11;
				GCC_DYNAMIC_NO_PIC = NO;
				GCC_NO_COMMON_BLOCKS = YES;
				GCC_OPTIMIZATION_LEVEL = 0;
				GCC_PREPROCESSOR_DEFINITIONS = (
					"DEBUG=1",
					"$(inherited)",
				);
				GCC_WARN_64_TO_32_BIT_CONVERSION = YES;
				GCC_WARN_ABOUT_RETURN_TYPE = YES_ERROR;
				GCC_WARN_UNDECLARED_SELECTOR = YES;
				GCC_WARN_UNINITIALIZED_AUTOS = YES_AGGRESSIVE;
				GCC_WARN_UNUSED_FUNCTION = YES;
				GCC_WARN_UNUSED_VARIABLE = YES;
				IPHONEOS_DEPLOYMENT_TARGET = 12.1;
				MTL_ENABLE_DEBUG_INFO = INCLUDE_SOURCE;
				MTL_FAST_MATH = YES;
				ONLY_ACTIVE_ARCH = YES;
				SDKROOT = iphoneos;
				SWIFT_ACTIVE_COMPILATION_CONDITIONS = DEBUG;
				SWIFT_OPTIMIZATION_LEVEL = "-Onone";
			};
			name = Debug;
		};
		BE4C34802237C828007AE1EE /* Release */ = {
			isa = XCBuildConfiguration;
			buildSettings = {
				ALWAYS_SEARCH_USER_PATHS = NO;
				CLANG_ANALYZER_NONNULL = YES;
				CLANG_ANALYZER_NUMBER_OBJECT_CONVERSION = YES_AGGRESSIVE;
				CLANG_CXX_LANGUAGE_STANDARD = "gnu++14";
				CLANG_CXX_LIBRARY = "libc++";
				CLANG_ENABLE_MODULES = YES;
				CLANG_ENABLE_OBJC_ARC = YES;
				CLANG_ENABLE_OBJC_WEAK = YES;
				CLANG_WARN_BLOCK_CAPTURE_AUTORELEASING = YES;
				CLANG_WARN_BOOL_CONVERSION = YES;
				CLANG_WARN_COMMA = YES;
				CLANG_WARN_CONSTANT_CONVERSION = YES;
				CLANG_WARN_DEPRECATED_OBJC_IMPLEMENTATIONS = YES;
				CLANG_WARN_DIRECT_OBJC_ISA_USAGE = YES_ERROR;
				CLANG_WARN_DOCUMENTATION_COMMENTS = YES;
				CLANG_WARN_EMPTY_BODY = YES;
				CLANG_WARN_ENUM_CONVERSION = YES;
				CLANG_WARN_INFINITE_RECURSION = YES;
				CLANG_WARN_INT_CONVERSION = YES;
				CLANG_WARN_NON_LITERAL_NULL_CONVERSION = YES;
				CLANG_WARN_OBJC_IMPLICIT_RETAIN_SELF = YES;
				CLANG_WARN_OBJC_LITERAL_CONVERSION = YES;
				CLANG_WARN_OBJC_ROOT_CLASS = YES_ERROR;
				CLANG_WARN_QUOTED_INCLUDE_IN_FRAMEWORK_HEADER = YES;
				CLANG_WARN_RANGE_LOOP_ANALYSIS = YES;
				CLANG_WARN_STRICT_PROTOTYPES = YES;
				CLANG_WARN_SUSPICIOUS_MOVE = YES;
				CLANG_WARN_UNGUARDED_AVAILABILITY = YES_AGGRESSIVE;
				CLANG_WARN_UNREACHABLE_CODE = YES;
				CLANG_WARN__DUPLICATE_METHOD_MATCH = YES;
				CODE_SIGN_IDENTITY = "iPhone Developer";
				COPY_PHASE_STRIP = NO;
				DEBUG_INFORMATION_FORMAT = "dwarf-with-dsym";
				ENABLE_NS_ASSERTIONS = NO;
				ENABLE_STRICT_OBJC_MSGSEND = YES;
				GCC_C_LANGUAGE_STANDARD = gnu11;
				GCC_NO_COMMON_BLOCKS = YES;
				GCC_WARN_64_TO_32_BIT_CONVERSION = YES;
				GCC_WARN_ABOUT_RETURN_TYPE = YES_ERROR;
				GCC_WARN_UNDECLARED_SELECTOR = YES;
				GCC_WARN_UNINITIALIZED_AUTOS = YES_AGGRESSIVE;
				GCC_WARN_UNUSED_FUNCTION = YES;
				GCC_WARN_UNUSED_VARIABLE = YES;
				IPHONEOS_DEPLOYMENT_TARGET = 12.1;
				MTL_ENABLE_DEBUG_INFO = NO;
				MTL_FAST_MATH = YES;
				SDKROOT = iphoneos;
				SWIFT_COMPILATION_MODE = wholemodule;
				SWIFT_OPTIMIZATION_LEVEL = "-O";
				VALIDATE_PRODUCT = YES;
			};
			name = Release;
		};
		BE4C34822237C828007AE1EE /* Debug */ = {
			isa = XCBuildConfiguration;
			baseConfigurationReference = CF44D5BD33FC34CA5640272A /* Pods-Example.debug.xcconfig */;
			buildSettings = {
				ASSETCATALOG_COMPILER_APPICON_NAME = AppIcon;
				CODE_SIGN_STYLE = Automatic;
				DEVELOPMENT_TEAM = YRQAZBYJYS;
				INFOPLIST_FILE = Source/Info.plist;
				IPHONEOS_DEPLOYMENT_TARGET = 13.0;
				LD_RUNPATH_SEARCH_PATHS = (
					"$(inherited)",
					"@executable_path/Frameworks",
				);
				MARKETING_VERSION = 2.1.3;
				PRODUCT_BUNDLE_IDENTIFIER = "gora.studio.SCNRecorder.Example.${DEVELOPMENT_TEAM}";
				PRODUCT_NAME = "$(TARGET_NAME)";
				SWIFT_VERSION = 5.0;
				TARGETED_DEVICE_FAMILY = 1;
			};
			name = Debug;
		};
		BE4C34832237C828007AE1EE /* Release */ = {
			isa = XCBuildConfiguration;
			baseConfigurationReference = 11657E9C06D4DACB4FB90595 /* Pods-Example.release.xcconfig */;
			buildSettings = {
				ASSETCATALOG_COMPILER_APPICON_NAME = AppIcon;
				CODE_SIGN_STYLE = Automatic;
				DEVELOPMENT_TEAM = YRQAZBYJYS;
				INFOPLIST_FILE = Source/Info.plist;
				IPHONEOS_DEPLOYMENT_TARGET = 13.0;
				LD_RUNPATH_SEARCH_PATHS = (
					"$(inherited)",
					"@executable_path/Frameworks",
				);
				MARKETING_VERSION = 2.1.3;
				PRODUCT_BUNDLE_IDENTIFIER = "gora.studio.SCNRecorder.Example.${DEVELOPMENT_TEAM}";
				PRODUCT_NAME = "$(TARGET_NAME)";
				SWIFT_VERSION = 5.0;
				TARGETED_DEVICE_FAMILY = 1;
			};
			name = Release;
		};
/* End XCBuildConfiguration section */

/* Begin XCConfigurationList section */
		BE4C34682237C827007AE1EE /* Build configuration list for PBXProject "Example" */ = {
			isa = XCConfigurationList;
			buildConfigurations = (
				BE4C347F2237C828007AE1EE /* Debug */,
				BE4C34802237C828007AE1EE /* Release */,
			);
			defaultConfigurationIsVisible = 0;
			defaultConfigurationName = Release;
		};
		BE4C34812237C828007AE1EE /* Build configuration list for PBXNativeTarget "Example" */ = {
			isa = XCConfigurationList;
			buildConfigurations = (
				BE4C34822237C828007AE1EE /* Debug */,
				BE4C34832237C828007AE1EE /* Release */,
			);
			defaultConfigurationIsVisible = 0;
			defaultConfigurationName = Release;
		};
/* End XCConfigurationList section */
	};
	rootObject = BE4C34652237C827007AE1EE /* Project object */;
}
